// !$*UTF8*$!
{
	archiveVersion = 1;
	classes = {
	};
	objectVersion = 52;
	objects = {

/* Begin PBXBuildFile section */
		088D40E1DE903E33DBFF6478 /* Pods_ProGitHub_Infra.framework in Frameworks */ = {isa = PBXBuildFile; fileRef = F844235D95601E9BA33356FD /* Pods_ProGitHub_Infra.framework */; platformFilter = ios; };
		1B49643A27E24907007C1DB5 /* Data.framework in Frameworks */ = {isa = PBXBuildFile; fileRef = 1BB3DBA627E131F000F538D2 /* Data.framework */; platformFilter = ios; };
		1B49643B27E24907007C1DB5 /* Data.framework in Embed Frameworks */ = {isa = PBXBuildFile; fileRef = 1BB3DBA627E131F000F538D2 /* Data.framework */; platformFilter = ios; settings = {ATTRIBUTES = (CodeSignOnCopy, RemoveHeadersOnCopy, ); }; };
		1B49645027E24D22007C1DB5 /* GithubRepositoryParser.swift in Sources */ = {isa = PBXBuildFile; fileRef = 1B49644F27E24D22007C1DB5 /* GithubRepositoryParser.swift */; };
		1B49647827E260FA007C1DB5 /* Infra.framework in Frameworks */ = {isa = PBXBuildFile; fileRef = 1BB3DB7127E12E6400F538D2 /* Infra.framework */; };
		1B49647927E260FA007C1DB5 /* Infra.framework in Embed Frameworks */ = {isa = PBXBuildFile; fileRef = 1BB3DB7127E12E6400F538D2 /* Infra.framework */; settings = {ATTRIBUTES = (CodeSignOnCopy, RemoveHeadersOnCopy, ); }; };
		1B67E63427E2454A00DA0208 /* ApiService.swift in Sources */ = {isa = PBXBuildFile; fileRef = 1B67E63327E2454A00DA0208 /* ApiService.swift */; };
		1B67E64927E2458F00DA0208 /* ApiServiceTests.swift in Sources */ = {isa = PBXBuildFile; fileRef = 1B67E64827E2458F00DA0208 /* ApiServiceTests.swift */; };
		1B7ACCAA27E4C22500C7C78E /* TestFactories.swift in Sources */ = {isa = PBXBuildFile; fileRef = 1B7ACCA927E4C22500C7C78E /* TestFactories.swift */; };
		1B7ACCAF27E4C27300C7C78E /* TestFactories.swift in Sources */ = {isa = PBXBuildFile; fileRef = 1B7ACCA927E4C22500C7C78E /* TestFactories.swift */; };
		1B7ACCBA27E4E71100C7C78E /* ApiServiceMock.swift in Sources */ = {isa = PBXBuildFile; fileRef = 1B7ACCB927E4E71100C7C78E /* ApiServiceMock.swift */; };
		1B7ACCD927E50AA800C7C78E /* HttpError.swift in Sources */ = {isa = PBXBuildFile; fileRef = 1B7ACCD827E50AA800C7C78E /* HttpError.swift */; };
		1B7ACCE327E50B0A00C7C78E /* RepositoriesResult.swift in Sources */ = {isa = PBXBuildFile; fileRef = 1B7ACCE227E50B0A00C7C78E /* RepositoriesResult.swift */; };
		1B7ACCE927E51FA400C7C78E /* GithubPullRequest.swift in Sources */ = {isa = PBXBuildFile; fileRef = 1B7ACCE827E51FA400C7C78E /* GithubPullRequest.swift */; };
		1B7ACCEF27E5237500C7C78E /* GithubPullRequestParser.swift in Sources */ = {isa = PBXBuildFile; fileRef = 1B7ACCEE27E5237500C7C78E /* GithubPullRequestParser.swift */; };
		1B884B2727E119ED003D981D /* AppDelegate.swift in Sources */ = {isa = PBXBuildFile; fileRef = 1B884B2627E119ED003D981D /* AppDelegate.swift */; };
		1B884B2927E119ED003D981D /* SceneDelegate.swift in Sources */ = {isa = PBXBuildFile; fileRef = 1B884B2827E119ED003D981D /* SceneDelegate.swift */; };
		1B884B2B27E119ED003D981D /* ViewController.swift in Sources */ = {isa = PBXBuildFile; fileRef = 1B884B2A27E119ED003D981D /* ViewController.swift */; };
		1B884B3027E119F9003D981D /* Assets.xcassets in Resources */ = {isa = PBXBuildFile; fileRef = 1B884B2F27E119F9003D981D /* Assets.xcassets */; };
		1B884B3327E119F9003D981D /* LaunchScreen.storyboard in Resources */ = {isa = PBXBuildFile; fileRef = 1B884B3127E119F9003D981D /* LaunchScreen.storyboard */; };
		1B884B3E27E119F9003D981D /* ProGitHubTests.swift in Sources */ = {isa = PBXBuildFile; fileRef = 1B884B3D27E119F9003D981D /* ProGitHubTests.swift */; };
		1B884B4927E119F9003D981D /* ProGitHubUITests.swift in Sources */ = {isa = PBXBuildFile; fileRef = 1B884B4827E119F9003D981D /* ProGitHubUITests.swift */; };
		1BB3DB5327E12A2E00F538D2 /* RobotoCondensed-Italic.ttf in Resources */ = {isa = PBXBuildFile; fileRef = 1BB3DB4D27E12A2E00F538D2 /* RobotoCondensed-Italic.ttf */; };
		1BB3DB5427E12A2E00F538D2 /* RobotoCondensed-BoldItalic.ttf in Resources */ = {isa = PBXBuildFile; fileRef = 1BB3DB4E27E12A2E00F538D2 /* RobotoCondensed-BoldItalic.ttf */; };
		1BB3DB5527E12A2E00F538D2 /* RobotoCondensed-Light.ttf in Resources */ = {isa = PBXBuildFile; fileRef = 1BB3DB4F27E12A2E00F538D2 /* RobotoCondensed-Light.ttf */; };
		1BB3DB5627E12A2E00F538D2 /* RobotoCondensed-LightItalic.ttf in Resources */ = {isa = PBXBuildFile; fileRef = 1BB3DB5027E12A2E00F538D2 /* RobotoCondensed-LightItalic.ttf */; };
		1BB3DB5727E12A2E00F538D2 /* RobotoCondensed-Regular.ttf in Resources */ = {isa = PBXBuildFile; fileRef = 1BB3DB5127E12A2E00F538D2 /* RobotoCondensed-Regular.ttf */; };
		1BB3DB5827E12A2E00F538D2 /* RobotoCondensed-Bold.ttf in Resources */ = {isa = PBXBuildFile; fileRef = 1BB3DB5227E12A2E00F538D2 /* RobotoCondensed-Bold.ttf */; };
		1BB3DB7A27E12E6500F538D2 /* Infra.framework in Frameworks */ = {isa = PBXBuildFile; fileRef = 1BB3DB7127E12E6400F538D2 /* Infra.framework */; };
		1BB3DB8F27E12F7000F538D2 /* HttpGetClient.swift in Sources */ = {isa = PBXBuildFile; fileRef = 1BB3DB8E27E12F7000F538D2 /* HttpGetClient.swift */; };
		1BB3DBB627E1328B00F538D2 /* GithubRepository.swift in Sources */ = {isa = PBXBuildFile; fileRef = 1BB3DBB527E1328B00F538D2 /* GithubRepository.swift */; };
		344144B7DF8165DA93997E81 /* Pods_ProGitHub.framework in Frameworks */ = {isa = PBXBuildFile; fileRef = FCA1E9C3B42F7257EC5217CB /* Pods_ProGitHub.framework */; };
		509B76DA336DAAADC97D16EE /* Pods_ProGitHubTests.framework in Frameworks */ = {isa = PBXBuildFile; fileRef = CB8438199CF60AC4C1BAA98F /* Pods_ProGitHubTests.framework */; };
		5E3A906EC3A83CECA24940C3 /* Pods_ProGitHub_InfraTests.framework in Frameworks */ = {isa = PBXBuildFile; fileRef = 24B9CCB76BD8F92DB10E742C /* Pods_ProGitHub_InfraTests.framework */; };
		BAF27246E90D0F5012F968EE /* Pods_ProGitHub_ProGitHubUITests.framework in Frameworks */ = {isa = PBXBuildFile; fileRef = 64DD6F8AEB7F2A3F663E72CB /* Pods_ProGitHub_ProGitHubUITests.framework */; };
		DAD6691BAB90635B5BB99D51 /* Pods_ProGitHub_Data.framework in Frameworks */ = {isa = PBXBuildFile; fileRef = DCD3C3B9093A2F5AFC380C60 /* Pods_ProGitHub_Data.framework */; };
/* End PBXBuildFile section */

/* Begin PBXContainerItemProxy section */
		1B49643C27E24907007C1DB5 /* PBXContainerItemProxy */ = {
			isa = PBXContainerItemProxy;
			containerPortal = 1B884B1B27E119ED003D981D /* Project object */;
			proxyType = 1;
			remoteGlobalIDString = 1BB3DBA527E131F000F538D2;
			remoteInfo = Data;
		};
		1B49647A27E260FA007C1DB5 /* PBXContainerItemProxy */ = {
			isa = PBXContainerItemProxy;
			containerPortal = 1B884B1B27E119ED003D981D /* Project object */;
			proxyType = 1;
			remoteGlobalIDString = 1BB3DB7027E12E6400F538D2;
			remoteInfo = Infra;
		};
		1B884B3A27E119F9003D981D /* PBXContainerItemProxy */ = {
			isa = PBXContainerItemProxy;
			containerPortal = 1B884B1B27E119ED003D981D /* Project object */;
			proxyType = 1;
			remoteGlobalIDString = 1B884B2227E119ED003D981D;
			remoteInfo = ProGitHub;
		};
		1B884B4527E119F9003D981D /* PBXContainerItemProxy */ = {
			isa = PBXContainerItemProxy;
			containerPortal = 1B884B1B27E119ED003D981D /* Project object */;
			proxyType = 1;
			remoteGlobalIDString = 1B884B2227E119ED003D981D;
			remoteInfo = ProGitHub;
		};
		1BB3DB7B27E12E6500F538D2 /* PBXContainerItemProxy */ = {
			isa = PBXContainerItemProxy;
			containerPortal = 1B884B1B27E119ED003D981D /* Project object */;
			proxyType = 1;
			remoteGlobalIDString = 1BB3DB7027E12E6400F538D2;
			remoteInfo = Infra;
		};
/* End PBXContainerItemProxy section */

/* Begin PBXCopyFilesBuildPhase section */
		1B49643E27E24908007C1DB5 /* Embed Frameworks */ = {
			isa = PBXCopyFilesBuildPhase;
			buildActionMask = 2147483647;
			dstPath = "";
			dstSubfolderSpec = 10;
			files = (
				1B49643B27E24907007C1DB5 /* Data.framework in Embed Frameworks */,
			);
			name = "Embed Frameworks";
			runOnlyForDeploymentPostprocessing = 0;
		};
		1B49647C27E260FA007C1DB5 /* Embed Frameworks */ = {
			isa = PBXCopyFilesBuildPhase;
			buildActionMask = 2147483647;
			dstPath = "";
			dstSubfolderSpec = 10;
			files = (
				1B49647927E260FA007C1DB5 /* Infra.framework in Embed Frameworks */,
			);
			name = "Embed Frameworks";
			runOnlyForDeploymentPostprocessing = 0;
		};
/* End PBXCopyFilesBuildPhase section */

/* Begin PBXFileReference section */
		15C8BF81C1D9DE10A9DF9F9D /* Pods-ProGitHub-Data.debug.xcconfig */ = {isa = PBXFileReference; includeInIndex = 1; lastKnownFileType = text.xcconfig; name = "Pods-ProGitHub-Data.debug.xcconfig"; path = "Target Support Files/Pods-ProGitHub-Data/Pods-ProGitHub-Data.debug.xcconfig"; sourceTree = "<group>"; };
		1B49644F27E24D22007C1DB5 /* GithubRepositoryParser.swift */ = {isa = PBXFileReference; lastKnownFileType = sourcecode.swift; path = GithubRepositoryParser.swift; sourceTree = "<group>"; };
		1B67E63327E2454A00DA0208 /* ApiService.swift */ = {isa = PBXFileReference; lastKnownFileType = sourcecode.swift; path = ApiService.swift; sourceTree = "<group>"; };
		1B67E64827E2458F00DA0208 /* ApiServiceTests.swift */ = {isa = PBXFileReference; lastKnownFileType = sourcecode.swift; path = ApiServiceTests.swift; sourceTree = "<group>"; };
		1B7ACCA927E4C22500C7C78E /* TestFactories.swift */ = {isa = PBXFileReference; lastKnownFileType = sourcecode.swift; path = TestFactories.swift; sourceTree = "<group>"; };
		1B7ACCB927E4E71100C7C78E /* ApiServiceMock.swift */ = {isa = PBXFileReference; lastKnownFileType = sourcecode.swift; path = ApiServiceMock.swift; sourceTree = "<group>"; };
		1B7ACCD827E50AA800C7C78E /* HttpError.swift */ = {isa = PBXFileReference; lastKnownFileType = sourcecode.swift; path = HttpError.swift; sourceTree = "<group>"; };
		1B7ACCE227E50B0A00C7C78E /* RepositoriesResult.swift */ = {isa = PBXFileReference; lastKnownFileType = sourcecode.swift; path = RepositoriesResult.swift; sourceTree = "<group>"; };
		1B7ACCE827E51FA400C7C78E /* GithubPullRequest.swift */ = {isa = PBXFileReference; lastKnownFileType = sourcecode.swift; path = GithubPullRequest.swift; sourceTree = "<group>"; };
		1B7ACCEE27E5237500C7C78E /* GithubPullRequestParser.swift */ = {isa = PBXFileReference; lastKnownFileType = sourcecode.swift; path = GithubPullRequestParser.swift; sourceTree = "<group>"; };
		1B884B2327E119ED003D981D /* ProGitHub.app */ = {isa = PBXFileReference; explicitFileType = wrapper.application; includeInIndex = 0; path = ProGitHub.app; sourceTree = BUILT_PRODUCTS_DIR; };
		1B884B2627E119ED003D981D /* AppDelegate.swift */ = {isa = PBXFileReference; lastKnownFileType = sourcecode.swift; path = AppDelegate.swift; sourceTree = "<group>"; };
		1B884B2827E119ED003D981D /* SceneDelegate.swift */ = {isa = PBXFileReference; lastKnownFileType = sourcecode.swift; path = SceneDelegate.swift; sourceTree = "<group>"; };
		1B884B2A27E119ED003D981D /* ViewController.swift */ = {isa = PBXFileReference; lastKnownFileType = sourcecode.swift; path = ViewController.swift; sourceTree = "<group>"; };
		1B884B2F27E119F9003D981D /* Assets.xcassets */ = {isa = PBXFileReference; lastKnownFileType = folder.assetcatalog; path = Assets.xcassets; sourceTree = "<group>"; };
		1B884B3227E119F9003D981D /* Base */ = {isa = PBXFileReference; lastKnownFileType = file.storyboard; name = Base; path = Base.lproj/LaunchScreen.storyboard; sourceTree = "<group>"; };
		1B884B3427E119F9003D981D /* Info.plist */ = {isa = PBXFileReference; lastKnownFileType = text.plist.xml; path = Info.plist; sourceTree = "<group>"; };
		1B884B3927E119F9003D981D /* ProGitHubTests.xctest */ = {isa = PBXFileReference; explicitFileType = wrapper.cfbundle; includeInIndex = 0; path = ProGitHubTests.xctest; sourceTree = BUILT_PRODUCTS_DIR; };
		1B884B3D27E119F9003D981D /* ProGitHubTests.swift */ = {isa = PBXFileReference; lastKnownFileType = sourcecode.swift; path = ProGitHubTests.swift; sourceTree = "<group>"; };
		1B884B3F27E119F9003D981D /* Info.plist */ = {isa = PBXFileReference; lastKnownFileType = text.plist.xml; path = Info.plist; sourceTree = "<group>"; };
		1B884B4427E119F9003D981D /* ProGitHubUITests.xctest */ = {isa = PBXFileReference; explicitFileType = wrapper.cfbundle; includeInIndex = 0; path = ProGitHubUITests.xctest; sourceTree = BUILT_PRODUCTS_DIR; };
		1B884B4827E119F9003D981D /* ProGitHubUITests.swift */ = {isa = PBXFileReference; lastKnownFileType = sourcecode.swift; path = ProGitHubUITests.swift; sourceTree = "<group>"; };
		1B884B4A27E119F9003D981D /* Info.plist */ = {isa = PBXFileReference; lastKnownFileType = text.plist.xml; path = Info.plist; sourceTree = "<group>"; };
		1BB3DB4D27E12A2E00F538D2 /* RobotoCondensed-Italic.ttf */ = {isa = PBXFileReference; lastKnownFileType = file; path = "RobotoCondensed-Italic.ttf"; sourceTree = "<group>"; };
		1BB3DB4E27E12A2E00F538D2 /* RobotoCondensed-BoldItalic.ttf */ = {isa = PBXFileReference; lastKnownFileType = file; path = "RobotoCondensed-BoldItalic.ttf"; sourceTree = "<group>"; };
		1BB3DB4F27E12A2E00F538D2 /* RobotoCondensed-Light.ttf */ = {isa = PBXFileReference; lastKnownFileType = file; path = "RobotoCondensed-Light.ttf"; sourceTree = "<group>"; };
		1BB3DB5027E12A2E00F538D2 /* RobotoCondensed-LightItalic.ttf */ = {isa = PBXFileReference; lastKnownFileType = file; path = "RobotoCondensed-LightItalic.ttf"; sourceTree = "<group>"; };
		1BB3DB5127E12A2E00F538D2 /* RobotoCondensed-Regular.ttf */ = {isa = PBXFileReference; lastKnownFileType = file; path = "RobotoCondensed-Regular.ttf"; sourceTree = "<group>"; };
		1BB3DB5227E12A2E00F538D2 /* RobotoCondensed-Bold.ttf */ = {isa = PBXFileReference; lastKnownFileType = file; path = "RobotoCondensed-Bold.ttf"; sourceTree = "<group>"; };
		1BB3DB7127E12E6400F538D2 /* Infra.framework */ = {isa = PBXFileReference; explicitFileType = wrapper.framework; includeInIndex = 0; path = Infra.framework; sourceTree = BUILT_PRODUCTS_DIR; };
		1BB3DB7427E12E6400F538D2 /* Info.plist */ = {isa = PBXFileReference; lastKnownFileType = text.plist.xml; path = Info.plist; sourceTree = "<group>"; };
		1BB3DB7927E12E6500F538D2 /* InfraTests.xctest */ = {isa = PBXFileReference; explicitFileType = wrapper.cfbundle; includeInIndex = 0; path = InfraTests.xctest; sourceTree = BUILT_PRODUCTS_DIR; };
		1BB3DB8027E12E6500F538D2 /* Info.plist */ = {isa = PBXFileReference; lastKnownFileType = text.plist.xml; path = Info.plist; sourceTree = "<group>"; };
		1BB3DB8E27E12F7000F538D2 /* HttpGetClient.swift */ = {isa = PBXFileReference; lastKnownFileType = sourcecode.swift; path = HttpGetClient.swift; sourceTree = "<group>"; };
		1BB3DBA627E131F000F538D2 /* Data.framework */ = {isa = PBXFileReference; explicitFileType = wrapper.framework; includeInIndex = 0; path = Data.framework; sourceTree = BUILT_PRODUCTS_DIR; };
		1BB3DBA927E131F000F538D2 /* Info.plist */ = {isa = PBXFileReference; lastKnownFileType = text.plist.xml; path = Info.plist; sourceTree = "<group>"; };
		1BB3DBB527E1328B00F538D2 /* GithubRepository.swift */ = {isa = PBXFileReference; lastKnownFileType = sourcecode.swift; path = GithubRepository.swift; sourceTree = "<group>"; };
		24B9CCB76BD8F92DB10E742C /* Pods_ProGitHub_InfraTests.framework */ = {isa = PBXFileReference; explicitFileType = wrapper.framework; includeInIndex = 0; path = Pods_ProGitHub_InfraTests.framework; sourceTree = BUILT_PRODUCTS_DIR; };
		2DF817844C6B9EB85E9D6681 /* Pods-ProGitHub.release.xcconfig */ = {isa = PBXFileReference; includeInIndex = 1; lastKnownFileType = text.xcconfig; name = "Pods-ProGitHub.release.xcconfig"; path = "Target Support Files/Pods-ProGitHub/Pods-ProGitHub.release.xcconfig"; sourceTree = "<group>"; };
		319691400123026D164CB995 /* Pods-ProGitHubTests.debug.xcconfig */ = {isa = PBXFileReference; includeInIndex = 1; lastKnownFileType = text.xcconfig; name = "Pods-ProGitHubTests.debug.xcconfig"; path = "Target Support Files/Pods-ProGitHubTests/Pods-ProGitHubTests.debug.xcconfig"; sourceTree = "<group>"; };
		55D342FF69E228F5D08C2E70 /* Pods-ProGitHub-Infra.release.xcconfig */ = {isa = PBXFileReference; includeInIndex = 1; lastKnownFileType = text.xcconfig; name = "Pods-ProGitHub-Infra.release.xcconfig"; path = "Target Support Files/Pods-ProGitHub-Infra/Pods-ProGitHub-Infra.release.xcconfig"; sourceTree = "<group>"; };
		5E9E15B1086084DCE446EA7B /* Pods-ProGitHub-InfraTests.release.xcconfig */ = {isa = PBXFileReference; includeInIndex = 1; lastKnownFileType = text.xcconfig; name = "Pods-ProGitHub-InfraTests.release.xcconfig"; path = "Target Support Files/Pods-ProGitHub-InfraTests/Pods-ProGitHub-InfraTests.release.xcconfig"; sourceTree = "<group>"; };
		64DD6F8AEB7F2A3F663E72CB /* Pods_ProGitHub_ProGitHubUITests.framework */ = {isa = PBXFileReference; explicitFileType = wrapper.framework; includeInIndex = 0; path = Pods_ProGitHub_ProGitHubUITests.framework; sourceTree = BUILT_PRODUCTS_DIR; };
		6E6066B386717306EB8CFBBA /* Pods-ProGitHubTests.release.xcconfig */ = {isa = PBXFileReference; includeInIndex = 1; lastKnownFileType = text.xcconfig; name = "Pods-ProGitHubTests.release.xcconfig"; path = "Target Support Files/Pods-ProGitHubTests/Pods-ProGitHubTests.release.xcconfig"; sourceTree = "<group>"; };
		7EFEFACBE11EC53A7CE33B6D /* Pods-ProGitHub-Infra.debug.xcconfig */ = {isa = PBXFileReference; includeInIndex = 1; lastKnownFileType = text.xcconfig; name = "Pods-ProGitHub-Infra.debug.xcconfig"; path = "Target Support Files/Pods-ProGitHub-Infra/Pods-ProGitHub-Infra.debug.xcconfig"; sourceTree = "<group>"; };
		8667FE3BD7F03C0F72568F3A /* Pods-ProGitHub-ProGitHubUITests.debug.xcconfig */ = {isa = PBXFileReference; includeInIndex = 1; lastKnownFileType = text.xcconfig; name = "Pods-ProGitHub-ProGitHubUITests.debug.xcconfig"; path = "Target Support Files/Pods-ProGitHub-ProGitHubUITests/Pods-ProGitHub-ProGitHubUITests.debug.xcconfig"; sourceTree = "<group>"; };
		8B2F28A9FDE5351A300C22E4 /* Pods-ProGitHub-ProGitHubUITests.release.xcconfig */ = {isa = PBXFileReference; includeInIndex = 1; lastKnownFileType = text.xcconfig; name = "Pods-ProGitHub-ProGitHubUITests.release.xcconfig"; path = "Target Support Files/Pods-ProGitHub-ProGitHubUITests/Pods-ProGitHub-ProGitHubUITests.release.xcconfig"; sourceTree = "<group>"; };
		CB8438199CF60AC4C1BAA98F /* Pods_ProGitHubTests.framework */ = {isa = PBXFileReference; explicitFileType = wrapper.framework; includeInIndex = 0; path = Pods_ProGitHubTests.framework; sourceTree = BUILT_PRODUCTS_DIR; };
		CCB2387955920CDC52A5EEBB /* Pods-ProGitHub-Data.release.xcconfig */ = {isa = PBXFileReference; includeInIndex = 1; lastKnownFileType = text.xcconfig; name = "Pods-ProGitHub-Data.release.xcconfig"; path = "Target Support Files/Pods-ProGitHub-Data/Pods-ProGitHub-Data.release.xcconfig"; sourceTree = "<group>"; };
		DCD3C3B9093A2F5AFC380C60 /* Pods_ProGitHub_Data.framework */ = {isa = PBXFileReference; explicitFileType = wrapper.framework; includeInIndex = 0; path = Pods_ProGitHub_Data.framework; sourceTree = BUILT_PRODUCTS_DIR; };
		F1D7E7DCC41C3E978CB54AB0 /* Pods-ProGitHub-InfraTests.debug.xcconfig */ = {isa = PBXFileReference; includeInIndex = 1; lastKnownFileType = text.xcconfig; name = "Pods-ProGitHub-InfraTests.debug.xcconfig"; path = "Target Support Files/Pods-ProGitHub-InfraTests/Pods-ProGitHub-InfraTests.debug.xcconfig"; sourceTree = "<group>"; };
		F844235D95601E9BA33356FD /* Pods_ProGitHub_Infra.framework */ = {isa = PBXFileReference; explicitFileType = wrapper.framework; includeInIndex = 0; path = Pods_ProGitHub_Infra.framework; sourceTree = BUILT_PRODUCTS_DIR; };
		FCA1E9C3B42F7257EC5217CB /* Pods_ProGitHub.framework */ = {isa = PBXFileReference; explicitFileType = wrapper.framework; includeInIndex = 0; path = Pods_ProGitHub.framework; sourceTree = BUILT_PRODUCTS_DIR; };
		FD3D83CD6FF69DB9404B1B50 /* Pods-ProGitHub.debug.xcconfig */ = {isa = PBXFileReference; includeInIndex = 1; lastKnownFileType = text.xcconfig; name = "Pods-ProGitHub.debug.xcconfig"; path = "Target Support Files/Pods-ProGitHub/Pods-ProGitHub.debug.xcconfig"; sourceTree = "<group>"; };
/* End PBXFileReference section */

/* Begin PBXFrameworksBuildPhase section */
		1B884B2027E119ED003D981D /* Frameworks */ = {
			isa = PBXFrameworksBuildPhase;
			buildActionMask = 2147483647;
			files = (
				344144B7DF8165DA93997E81 /* Pods_ProGitHub.framework in Frameworks */,
				1B49647827E260FA007C1DB5 /* Infra.framework in Frameworks */,
			);
			runOnlyForDeploymentPostprocessing = 0;
		};
		1B884B3627E119F9003D981D /* Frameworks */ = {
			isa = PBXFrameworksBuildPhase;
			buildActionMask = 2147483647;
			files = (
				509B76DA336DAAADC97D16EE /* Pods_ProGitHubTests.framework in Frameworks */,
			);
			runOnlyForDeploymentPostprocessing = 0;
		};
		1B884B4127E119F9003D981D /* Frameworks */ = {
			isa = PBXFrameworksBuildPhase;
			buildActionMask = 2147483647;
			files = (
				BAF27246E90D0F5012F968EE /* Pods_ProGitHub_ProGitHubUITests.framework in Frameworks */,
			);
			runOnlyForDeploymentPostprocessing = 0;
		};
		1BB3DB6E27E12E6400F538D2 /* Frameworks */ = {
			isa = PBXFrameworksBuildPhase;
			buildActionMask = 2147483647;
			files = (
				1B49643A27E24907007C1DB5 /* Data.framework in Frameworks */,
				088D40E1DE903E33DBFF6478 /* Pods_ProGitHub_Infra.framework in Frameworks */,
			);
			runOnlyForDeploymentPostprocessing = 0;
		};
		1BB3DB7627E12E6500F538D2 /* Frameworks */ = {
			isa = PBXFrameworksBuildPhase;
			buildActionMask = 2147483647;
			files = (
				1BB3DB7A27E12E6500F538D2 /* Infra.framework in Frameworks */,
				5E3A906EC3A83CECA24940C3 /* Pods_ProGitHub_InfraTests.framework in Frameworks */,
			);
			runOnlyForDeploymentPostprocessing = 0;
		};
		1BB3DBA327E131F000F538D2 /* Frameworks */ = {
			isa = PBXFrameworksBuildPhase;
			buildActionMask = 2147483647;
			files = (
				DAD6691BAB90635B5BB99D51 /* Pods_ProGitHub_Data.framework in Frameworks */,
			);
			runOnlyForDeploymentPostprocessing = 0;
		};
/* End PBXFrameworksBuildPhase section */

/* Begin PBXGroup section */
		1B49644E27E24D13007C1DB5 /* Parser */ = {
			isa = PBXGroup;
			children = (
				1B49644F27E24D22007C1DB5 /* GithubRepositoryParser.swift */,
				1B7ACCEE27E5237500C7C78E /* GithubPullRequestParser.swift */,
			);
			path = Parser;
			sourceTree = "<group>";
		};
		1B67E63127E244F100DA0208 /* Http */ = {
			isa = PBXGroup;
			children = (
				1B67E63327E2454A00DA0208 /* ApiService.swift */,
			);
			path = Http;
			sourceTree = "<group>";
		};
		1B67E65027E2459F00DA0208 /* Http */ = {
			isa = PBXGroup;
			children = (
				1B67E64827E2458F00DA0208 /* ApiServiceTests.swift */,
			);
			path = Http;
			sourceTree = "<group>";
		};
		1B7ACCA427E4C20E00C7C78E /* Factories */ = {
			isa = PBXGroup;
			children = (
				1B7ACCA927E4C22500C7C78E /* TestFactories.swift */,
			);
			path = Factories;
			sourceTree = "<group>";
		};
		1B7ACCB827E4C67F00C7C78E /* Mock */ = {
			isa = PBXGroup;
			children = (
				1B7ACCB927E4E71100C7C78E /* ApiServiceMock.swift */,
			);
			path = Mock;
			sourceTree = "<group>";
		};
		1B7ACCD227E4E86C00C7C78E /* Mock */ = {
			isa = PBXGroup;
			children = (
			);
			path = Mock;
			sourceTree = "<group>";
		};
		1B7ACCD727E50A9B00C7C78E /* Http */ = {
			isa = PBXGroup;
			children = (
				1B7ACCD827E50AA800C7C78E /* HttpError.swift */,
				1B7ACCE227E50B0A00C7C78E /* RepositoriesResult.swift */,
			);
			path = Http;
			sourceTree = "<group>";
		};
		1B884B1A27E119ED003D981D = {
			isa = PBXGroup;
			children = (
				1B884B2527E119ED003D981D /* ProGitHub */,
				1B884B3C27E119F9003D981D /* ProGitHubTests */,
				1B884B4727E119F9003D981D /* ProGitHubUITests */,
				1BB3DB7227E12E6400F538D2 /* Infra */,
				1BB3DB7D27E12E6500F538D2 /* InfraTests */,
				1BB3DBA727E131F000F538D2 /* Data */,
				1B884B2427E119ED003D981D /* Products */,
				ACC564EECD47ADE53516F3AE /* Pods */,
				E0E76F961CB43E272FE3C804 /* Frameworks */,
			);
			sourceTree = "<group>";
		};
		1B884B2427E119ED003D981D /* Products */ = {
			isa = PBXGroup;
			children = (
				1B884B2327E119ED003D981D /* ProGitHub.app */,
				1B884B3927E119F9003D981D /* ProGitHubTests.xctest */,
				1B884B4427E119F9003D981D /* ProGitHubUITests.xctest */,
				1BB3DB7127E12E6400F538D2 /* Infra.framework */,
				1BB3DB7927E12E6500F538D2 /* InfraTests.xctest */,
				1BB3DBA627E131F000F538D2 /* Data.framework */,
			);
			name = Products;
			sourceTree = "<group>";
		};
		1B884B2527E119ED003D981D /* ProGitHub */ = {
			isa = PBXGroup;
			children = (
				1BB3DB4C27E12A1E00F538D2 /* Fonts */,
				1B884B2627E119ED003D981D /* AppDelegate.swift */,
				1B884B2827E119ED003D981D /* SceneDelegate.swift */,
				1B884B2A27E119ED003D981D /* ViewController.swift */,
				1B884B2F27E119F9003D981D /* Assets.xcassets */,
				1B884B3127E119F9003D981D /* LaunchScreen.storyboard */,
				1B884B3427E119F9003D981D /* Info.plist */,
			);
			path = ProGitHub;
			sourceTree = "<group>";
		};
		1B884B3C27E119F9003D981D /* ProGitHubTests */ = {
			isa = PBXGroup;
			children = (
				1B884B3D27E119F9003D981D /* ProGitHubTests.swift */,
				1B884B3F27E119F9003D981D /* Info.plist */,
			);
			path = ProGitHubTests;
			sourceTree = "<group>";
		};
		1B884B4727E119F9003D981D /* ProGitHubUITests */ = {
			isa = PBXGroup;
			children = (
				1B884B4827E119F9003D981D /* ProGitHubUITests.swift */,
				1B884B4A27E119F9003D981D /* Info.plist */,
			);
			path = ProGitHubUITests;
			sourceTree = "<group>";
		};
		1BB3DB4C27E12A1E00F538D2 /* Fonts */ = {
			isa = PBXGroup;
			children = (
				1BB3DB5227E12A2E00F538D2 /* RobotoCondensed-Bold.ttf */,
				1BB3DB4E27E12A2E00F538D2 /* RobotoCondensed-BoldItalic.ttf */,
				1BB3DB4D27E12A2E00F538D2 /* RobotoCondensed-Italic.ttf */,
				1BB3DB4F27E12A2E00F538D2 /* RobotoCondensed-Light.ttf */,
				1BB3DB5027E12A2E00F538D2 /* RobotoCondensed-LightItalic.ttf */,
				1BB3DB5127E12A2E00F538D2 /* RobotoCondensed-Regular.ttf */,
			);
			path = Fonts;
			sourceTree = "<group>";
		};
		1BB3DB7227E12E6400F538D2 /* Infra */ = {
			isa = PBXGroup;
			children = (
				1B67E63127E244F100DA0208 /* Http */,
				1BB3DB8D27E12EC700F538D2 /* Protocols */,
				1BB3DB7427E12E6400F538D2 /* Info.plist */,
			);
			path = Infra;
			sourceTree = "<group>";
		};
		1BB3DB7D27E12E6500F538D2 /* InfraTests */ = {
			isa = PBXGroup;
			children = (
				1B7ACCB827E4C67F00C7C78E /* Mock */,
				1B67E65027E2459F00DA0208 /* Http */,
				1BB3DB8027E12E6500F538D2 /* Info.plist */,
			);
			path = InfraTests;
			sourceTree = "<group>";
		};
		1BB3DB8D27E12EC700F538D2 /* Protocols */ = {
			isa = PBXGroup;
			children = (
				1BB3DB8E27E12F7000F538D2 /* HttpGetClient.swift */,
			);
			path = Protocols;
			sourceTree = "<group>";
		};
		1BB3DBA727E131F000F538D2 /* Data */ = {
			isa = PBXGroup;
			children = (
				1B7ACCD727E50A9B00C7C78E /* Http */,
				1B7ACCD227E4E86C00C7C78E /* Mock */,
				1B7ACCA427E4C20E00C7C78E /* Factories */,
				1B49644E27E24D13007C1DB5 /* Parser */,
				1BB3DBB427E1325A00F538D2 /* Models */,
				1BB3DBA927E131F000F538D2 /* Info.plist */,
			);
			path = Data;
			sourceTree = "<group>";
		};
		1BB3DBB427E1325A00F538D2 /* Models */ = {
			isa = PBXGroup;
			children = (
				1BB3DBB527E1328B00F538D2 /* GithubRepository.swift */,
				1B7ACCE827E51FA400C7C78E /* GithubPullRequest.swift */,
			);
			path = Models;
			sourceTree = "<group>";
		};
		ACC564EECD47ADE53516F3AE /* Pods */ = {
			isa = PBXGroup;
			children = (
				FD3D83CD6FF69DB9404B1B50 /* Pods-ProGitHub.debug.xcconfig */,
				2DF817844C6B9EB85E9D6681 /* Pods-ProGitHub.release.xcconfig */,
				8667FE3BD7F03C0F72568F3A /* Pods-ProGitHub-ProGitHubUITests.debug.xcconfig */,
				8B2F28A9FDE5351A300C22E4 /* Pods-ProGitHub-ProGitHubUITests.release.xcconfig */,
				319691400123026D164CB995 /* Pods-ProGitHubTests.debug.xcconfig */,
				6E6066B386717306EB8CFBBA /* Pods-ProGitHubTests.release.xcconfig */,
				7EFEFACBE11EC53A7CE33B6D /* Pods-ProGitHub-Infra.debug.xcconfig */,
				55D342FF69E228F5D08C2E70 /* Pods-ProGitHub-Infra.release.xcconfig */,
				15C8BF81C1D9DE10A9DF9F9D /* Pods-ProGitHub-Data.debug.xcconfig */,
				CCB2387955920CDC52A5EEBB /* Pods-ProGitHub-Data.release.xcconfig */,
				F1D7E7DCC41C3E978CB54AB0 /* Pods-ProGitHub-InfraTests.debug.xcconfig */,
				5E9E15B1086084DCE446EA7B /* Pods-ProGitHub-InfraTests.release.xcconfig */,
			);
			path = Pods;
			sourceTree = "<group>";
		};
		E0E76F961CB43E272FE3C804 /* Frameworks */ = {
			isa = PBXGroup;
			children = (
				FCA1E9C3B42F7257EC5217CB /* Pods_ProGitHub.framework */,
				64DD6F8AEB7F2A3F663E72CB /* Pods_ProGitHub_ProGitHubUITests.framework */,
				CB8438199CF60AC4C1BAA98F /* Pods_ProGitHubTests.framework */,
				F844235D95601E9BA33356FD /* Pods_ProGitHub_Infra.framework */,
				DCD3C3B9093A2F5AFC380C60 /* Pods_ProGitHub_Data.framework */,
				24B9CCB76BD8F92DB10E742C /* Pods_ProGitHub_InfraTests.framework */,
			);
			name = Frameworks;
			sourceTree = "<group>";
		};
/* End PBXGroup section */

/* Begin PBXHeadersBuildPhase section */
		1BB3DB6C27E12E6400F538D2 /* Headers */ = {
			isa = PBXHeadersBuildPhase;
			buildActionMask = 2147483647;
			files = (
			);
			runOnlyForDeploymentPostprocessing = 0;
		};
		1BB3DBA127E131F000F538D2 /* Headers */ = {
			isa = PBXHeadersBuildPhase;
			buildActionMask = 2147483647;
			files = (
			);
			runOnlyForDeploymentPostprocessing = 0;
		};
/* End PBXHeadersBuildPhase section */

/* Begin PBXNativeTarget section */
		1B884B2227E119ED003D981D /* ProGitHub */ = {
			isa = PBXNativeTarget;
			buildConfigurationList = 1B884B4D27E119F9003D981D /* Build configuration list for PBXNativeTarget "ProGitHub" */;
			buildPhases = (
				71E3CC32D1DBA231D10A61A3 /* [CP] Check Pods Manifest.lock */,
				1B884B1F27E119ED003D981D /* Sources */,
				1B884B2027E119ED003D981D /* Frameworks */,
				1B884B2127E119ED003D981D /* Resources */,
				8BF4FF02B0ACF87691F02427 /* [CP] Embed Pods Frameworks */,
				1B49647C27E260FA007C1DB5 /* Embed Frameworks */,
			);
			buildRules = (
			);
			dependencies = (
				1B49647B27E260FA007C1DB5 /* PBXTargetDependency */,
			);
			name = ProGitHub;
			productName = ProGitHub;
			productReference = 1B884B2327E119ED003D981D /* ProGitHub.app */;
			productType = "com.apple.product-type.application";
		};
		1B884B3827E119F9003D981D /* ProGitHubTests */ = {
			isa = PBXNativeTarget;
			buildConfigurationList = 1B884B5027E119F9003D981D /* Build configuration list for PBXNativeTarget "ProGitHubTests" */;
			buildPhases = (
				8EDD3782F36EBD812029B9D4 /* [CP] Check Pods Manifest.lock */,
				1B884B3527E119F9003D981D /* Sources */,
				1B884B3627E119F9003D981D /* Frameworks */,
				1B884B3727E119F9003D981D /* Resources */,
			);
			buildRules = (
			);
			dependencies = (
				1B884B3B27E119F9003D981D /* PBXTargetDependency */,
			);
			name = ProGitHubTests;
			productName = ProGitHubTests;
			productReference = 1B884B3927E119F9003D981D /* ProGitHubTests.xctest */;
			productType = "com.apple.product-type.bundle.unit-test";
		};
		1B884B4327E119F9003D981D /* ProGitHubUITests */ = {
			isa = PBXNativeTarget;
			buildConfigurationList = 1B884B5327E119F9003D981D /* Build configuration list for PBXNativeTarget "ProGitHubUITests" */;
			buildPhases = (
				29FBFECD540E36FB72C145D7 /* [CP] Check Pods Manifest.lock */,
				1B884B4027E119F9003D981D /* Sources */,
				1B884B4127E119F9003D981D /* Frameworks */,
				1B884B4227E119F9003D981D /* Resources */,
				1C91842E3A2B6877712FC262 /* [CP] Embed Pods Frameworks */,
			);
			buildRules = (
			);
			dependencies = (
				1B884B4627E119F9003D981D /* PBXTargetDependency */,
			);
			name = ProGitHubUITests;
			productName = ProGitHubUITests;
			productReference = 1B884B4427E119F9003D981D /* ProGitHubUITests.xctest */;
			productType = "com.apple.product-type.bundle.ui-testing";
		};
		1BB3DB7027E12E6400F538D2 /* Infra */ = {
			isa = PBXNativeTarget;
			buildConfigurationList = 1BB3DB8227E12E6500F538D2 /* Build configuration list for PBXNativeTarget "Infra" */;
			buildPhases = (
				28C9BA0D6A8C7A3519E0ACF0 /* [CP] Check Pods Manifest.lock */,
				1BB3DB6C27E12E6400F538D2 /* Headers */,
				1BB3DB6D27E12E6400F538D2 /* Sources */,
				1BB3DB6E27E12E6400F538D2 /* Frameworks */,
				1BB3DB6F27E12E6400F538D2 /* Resources */,
				1B49643E27E24908007C1DB5 /* Embed Frameworks */,
			);
			buildRules = (
			);
			dependencies = (
				1B49643D27E24907007C1DB5 /* PBXTargetDependency */,
			);
			name = Infra;
			productName = Infra;
			productReference = 1BB3DB7127E12E6400F538D2 /* Infra.framework */;
			productType = "com.apple.product-type.framework";
		};
		1BB3DB7827E12E6500F538D2 /* InfraTests */ = {
			isa = PBXNativeTarget;
			buildConfigurationList = 1BB3DB8527E12E6500F538D2 /* Build configuration list for PBXNativeTarget "InfraTests" */;
			buildPhases = (
				59B05CA8305CCEB829FA6136 /* [CP] Check Pods Manifest.lock */,
				1BB3DB7527E12E6500F538D2 /* Sources */,
				1BB3DB7627E12E6500F538D2 /* Frameworks */,
				1BB3DB7727E12E6500F538D2 /* Resources */,
				25A0349747F6291CA0A1497E /* [CP] Embed Pods Frameworks */,
			);
			buildRules = (
			);
			dependencies = (
				1BB3DB7C27E12E6500F538D2 /* PBXTargetDependency */,
			);
			name = InfraTests;
			productName = InfraTests;
			productReference = 1BB3DB7927E12E6500F538D2 /* InfraTests.xctest */;
			productType = "com.apple.product-type.bundle.unit-test";
		};
		1BB3DBA527E131F000F538D2 /* Data */ = {
			isa = PBXNativeTarget;
			buildConfigurationList = 1BB3DBAD27E131F000F538D2 /* Build configuration list for PBXNativeTarget "Data" */;
			buildPhases = (
				1C68BC0BFABF1EDFE1871CB3 /* [CP] Check Pods Manifest.lock */,
				1BB3DBA127E131F000F538D2 /* Headers */,
				1BB3DBA227E131F000F538D2 /* Sources */,
				1BB3DBA327E131F000F538D2 /* Frameworks */,
				1BB3DBA427E131F000F538D2 /* Resources */,
			);
			buildRules = (
			);
			dependencies = (
			);
			name = Data;
			productName = Data;
			productReference = 1BB3DBA627E131F000F538D2 /* Data.framework */;
			productType = "com.apple.product-type.framework";
		};
/* End PBXNativeTarget section */

/* Begin PBXProject section */
		1B884B1B27E119ED003D981D /* Project object */ = {
			isa = PBXProject;
			attributes = {
				LastSwiftUpdateCheck = 1240;
				LastUpgradeCheck = 1240;
				TargetAttributes = {
					1B884B2227E119ED003D981D = {
						CreatedOnToolsVersion = 12.4;
					};
					1B884B3827E119F9003D981D = {
						CreatedOnToolsVersion = 12.4;
						TestTargetID = 1B884B2227E119ED003D981D;
					};
					1B884B4327E119F9003D981D = {
						CreatedOnToolsVersion = 12.4;
						TestTargetID = 1B884B2227E119ED003D981D;
					};
					1BB3DB7027E12E6400F538D2 = {
						CreatedOnToolsVersion = 12.4;
						LastSwiftMigration = 1240;
					};
					1BB3DB7827E12E6500F538D2 = {
						CreatedOnToolsVersion = 12.4;
						LastSwiftMigration = 1240;
					};
					1BB3DBA527E131F000F538D2 = {
						CreatedOnToolsVersion = 12.4;
						LastSwiftMigration = 1240;
					};
				};
			};
			buildConfigurationList = 1B884B1E27E119ED003D981D /* Build configuration list for PBXProject "ProGitHub" */;
			compatibilityVersion = "Xcode 9.3";
			developmentRegion = en;
			hasScannedForEncodings = 0;
			knownRegions = (
				en,
				Base,
			);
			mainGroup = 1B884B1A27E119ED003D981D;
			productRefGroup = 1B884B2427E119ED003D981D /* Products */;
			projectDirPath = "";
			projectRoot = "";
			targets = (
				1B884B2227E119ED003D981D /* ProGitHub */,
				1B884B3827E119F9003D981D /* ProGitHubTests */,
				1B884B4327E119F9003D981D /* ProGitHubUITests */,
				1BB3DB7027E12E6400F538D2 /* Infra */,
				1BB3DB7827E12E6500F538D2 /* InfraTests */,
				1BB3DBA527E131F000F538D2 /* Data */,
			);
		};
/* End PBXProject section */

/* Begin PBXResourcesBuildPhase section */
		1B884B2127E119ED003D981D /* Resources */ = {
			isa = PBXResourcesBuildPhase;
			buildActionMask = 2147483647;
			files = (
				1BB3DB5427E12A2E00F538D2 /* RobotoCondensed-BoldItalic.ttf in Resources */,
				1B884B3327E119F9003D981D /* LaunchScreen.storyboard in Resources */,
				1BB3DB5327E12A2E00F538D2 /* RobotoCondensed-Italic.ttf in Resources */,
				1BB3DB5827E12A2E00F538D2 /* RobotoCondensed-Bold.ttf in Resources */,
				1B884B3027E119F9003D981D /* Assets.xcassets in Resources */,
				1BB3DB5527E12A2E00F538D2 /* RobotoCondensed-Light.ttf in Resources */,
				1BB3DB5627E12A2E00F538D2 /* RobotoCondensed-LightItalic.ttf in Resources */,
				1BB3DB5727E12A2E00F538D2 /* RobotoCondensed-Regular.ttf in Resources */,
			);
			runOnlyForDeploymentPostprocessing = 0;
		};
		1B884B3727E119F9003D981D /* Resources */ = {
			isa = PBXResourcesBuildPhase;
			buildActionMask = 2147483647;
			files = (
			);
			runOnlyForDeploymentPostprocessing = 0;
		};
		1B884B4227E119F9003D981D /* Resources */ = {
			isa = PBXResourcesBuildPhase;
			buildActionMask = 2147483647;
			files = (
			);
			runOnlyForDeploymentPostprocessing = 0;
		};
		1BB3DB6F27E12E6400F538D2 /* Resources */ = {
			isa = PBXResourcesBuildPhase;
			buildActionMask = 2147483647;
			files = (
			);
			runOnlyForDeploymentPostprocessing = 0;
		};
		1BB3DB7727E12E6500F538D2 /* Resources */ = {
			isa = PBXResourcesBuildPhase;
			buildActionMask = 2147483647;
			files = (
			);
			runOnlyForDeploymentPostprocessing = 0;
		};
		1BB3DBA427E131F000F538D2 /* Resources */ = {
			isa = PBXResourcesBuildPhase;
			buildActionMask = 2147483647;
			files = (
			);
			runOnlyForDeploymentPostprocessing = 0;
		};
/* End PBXResourcesBuildPhase section */

/* Begin PBXShellScriptBuildPhase section */
		1C68BC0BFABF1EDFE1871CB3 /* [CP] Check Pods Manifest.lock */ = {
			isa = PBXShellScriptBuildPhase;
			buildActionMask = 2147483647;
			files = (
			);
			inputFileListPaths = (
			);
			inputPaths = (
				"${PODS_PODFILE_DIR_PATH}/Podfile.lock",
				"${PODS_ROOT}/Manifest.lock",
			);
			name = "[CP] Check Pods Manifest.lock";
			outputFileListPaths = (
			);
			outputPaths = (
				"$(DERIVED_FILE_DIR)/Pods-ProGitHub-Data-checkManifestLockResult.txt",
			);
			runOnlyForDeploymentPostprocessing = 0;
			shellPath = /bin/sh;
			shellScript = "diff \"${PODS_PODFILE_DIR_PATH}/Podfile.lock\" \"${PODS_ROOT}/Manifest.lock\" > /dev/null\nif [ $? != 0 ] ; then\n    # print error to STDERR\n    echo \"error: The sandbox is not in sync with the Podfile.lock. Run 'pod install' or update your CocoaPods installation.\" >&2\n    exit 1\nfi\n# This output is used by Xcode 'outputs' to avoid re-running this script phase.\necho \"SUCCESS\" > \"${SCRIPT_OUTPUT_FILE_0}\"\n";
			showEnvVarsInLog = 0;
		};
		1C91842E3A2B6877712FC262 /* [CP] Embed Pods Frameworks */ = {
			isa = PBXShellScriptBuildPhase;
			buildActionMask = 2147483647;
			files = (
			);
			inputFileListPaths = (
				"${PODS_ROOT}/Target Support Files/Pods-ProGitHub-ProGitHubUITests/Pods-ProGitHub-ProGitHubUITests-frameworks-${CONFIGURATION}-input-files.xcfilelist",
			);
			name = "[CP] Embed Pods Frameworks";
			outputFileListPaths = (
				"${PODS_ROOT}/Target Support Files/Pods-ProGitHub-ProGitHubUITests/Pods-ProGitHub-ProGitHubUITests-frameworks-${CONFIGURATION}-output-files.xcfilelist",
			);
			runOnlyForDeploymentPostprocessing = 0;
			shellPath = /bin/sh;
			shellScript = "\"${PODS_ROOT}/Target Support Files/Pods-ProGitHub-ProGitHubUITests/Pods-ProGitHub-ProGitHubUITests-frameworks.sh\"\n";
			showEnvVarsInLog = 0;
		};
		25A0349747F6291CA0A1497E /* [CP] Embed Pods Frameworks */ = {
			isa = PBXShellScriptBuildPhase;
			buildActionMask = 2147483647;
			files = (
			);
			inputFileListPaths = (
				"${PODS_ROOT}/Target Support Files/Pods-ProGitHub-InfraTests/Pods-ProGitHub-InfraTests-frameworks-${CONFIGURATION}-input-files.xcfilelist",
			);
			name = "[CP] Embed Pods Frameworks";
			outputFileListPaths = (
				"${PODS_ROOT}/Target Support Files/Pods-ProGitHub-InfraTests/Pods-ProGitHub-InfraTests-frameworks-${CONFIGURATION}-output-files.xcfilelist",
			);
			runOnlyForDeploymentPostprocessing = 0;
			shellPath = /bin/sh;
			shellScript = "\"${PODS_ROOT}/Target Support Files/Pods-ProGitHub-InfraTests/Pods-ProGitHub-InfraTests-frameworks.sh\"\n";
			showEnvVarsInLog = 0;
		};
		28C9BA0D6A8C7A3519E0ACF0 /* [CP] Check Pods Manifest.lock */ = {
			isa = PBXShellScriptBuildPhase;
			buildActionMask = 2147483647;
			files = (
			);
			inputFileListPaths = (
			);
			inputPaths = (
				"${PODS_PODFILE_DIR_PATH}/Podfile.lock",
				"${PODS_ROOT}/Manifest.lock",
			);
			name = "[CP] Check Pods Manifest.lock";
			outputFileListPaths = (
			);
			outputPaths = (
				"$(DERIVED_FILE_DIR)/Pods-ProGitHub-Infra-checkManifestLockResult.txt",
			);
			runOnlyForDeploymentPostprocessing = 0;
			shellPath = /bin/sh;
			shellScript = "diff \"${PODS_PODFILE_DIR_PATH}/Podfile.lock\" \"${PODS_ROOT}/Manifest.lock\" > /dev/null\nif [ $? != 0 ] ; then\n    # print error to STDERR\n    echo \"error: The sandbox is not in sync with the Podfile.lock. Run 'pod install' or update your CocoaPods installation.\" >&2\n    exit 1\nfi\n# This output is used by Xcode 'outputs' to avoid re-running this script phase.\necho \"SUCCESS\" > \"${SCRIPT_OUTPUT_FILE_0}\"\n";
			showEnvVarsInLog = 0;
		};
		29FBFECD540E36FB72C145D7 /* [CP] Check Pods Manifest.lock */ = {
			isa = PBXShellScriptBuildPhase;
			buildActionMask = 2147483647;
			files = (
			);
			inputFileListPaths = (
			);
			inputPaths = (
				"${PODS_PODFILE_DIR_PATH}/Podfile.lock",
				"${PODS_ROOT}/Manifest.lock",
			);
			name = "[CP] Check Pods Manifest.lock";
			outputFileListPaths = (
			);
			outputPaths = (
				"$(DERIVED_FILE_DIR)/Pods-ProGitHub-ProGitHubUITests-checkManifestLockResult.txt",
			);
			runOnlyForDeploymentPostprocessing = 0;
			shellPath = /bin/sh;
			shellScript = "diff \"${PODS_PODFILE_DIR_PATH}/Podfile.lock\" \"${PODS_ROOT}/Manifest.lock\" > /dev/null\nif [ $? != 0 ] ; then\n    # print error to STDERR\n    echo \"error: The sandbox is not in sync with the Podfile.lock. Run 'pod install' or update your CocoaPods installation.\" >&2\n    exit 1\nfi\n# This output is used by Xcode 'outputs' to avoid re-running this script phase.\necho \"SUCCESS\" > \"${SCRIPT_OUTPUT_FILE_0}\"\n";
			showEnvVarsInLog = 0;
		};
		59B05CA8305CCEB829FA6136 /* [CP] Check Pods Manifest.lock */ = {
			isa = PBXShellScriptBuildPhase;
			buildActionMask = 2147483647;
			files = (
			);
			inputFileListPaths = (
			);
			inputPaths = (
				"${PODS_PODFILE_DIR_PATH}/Podfile.lock",
				"${PODS_ROOT}/Manifest.lock",
			);
			name = "[CP] Check Pods Manifest.lock";
			outputFileListPaths = (
			);
			outputPaths = (
				"$(DERIVED_FILE_DIR)/Pods-ProGitHub-InfraTests-checkManifestLockResult.txt",
			);
			runOnlyForDeploymentPostprocessing = 0;
			shellPath = /bin/sh;
			shellScript = "diff \"${PODS_PODFILE_DIR_PATH}/Podfile.lock\" \"${PODS_ROOT}/Manifest.lock\" > /dev/null\nif [ $? != 0 ] ; then\n    # print error to STDERR\n    echo \"error: The sandbox is not in sync with the Podfile.lock. Run 'pod install' or update your CocoaPods installation.\" >&2\n    exit 1\nfi\n# This output is used by Xcode 'outputs' to avoid re-running this script phase.\necho \"SUCCESS\" > \"${SCRIPT_OUTPUT_FILE_0}\"\n";
			showEnvVarsInLog = 0;
		};
		71E3CC32D1DBA231D10A61A3 /* [CP] Check Pods Manifest.lock */ = {
			isa = PBXShellScriptBuildPhase;
			buildActionMask = 2147483647;
			files = (
			);
			inputFileListPaths = (
			);
			inputPaths = (
				"${PODS_PODFILE_DIR_PATH}/Podfile.lock",
				"${PODS_ROOT}/Manifest.lock",
			);
			name = "[CP] Check Pods Manifest.lock";
			outputFileListPaths = (
			);
			outputPaths = (
				"$(DERIVED_FILE_DIR)/Pods-ProGitHub-checkManifestLockResult.txt",
			);
			runOnlyForDeploymentPostprocessing = 0;
			shellPath = /bin/sh;
			shellScript = "diff \"${PODS_PODFILE_DIR_PATH}/Podfile.lock\" \"${PODS_ROOT}/Manifest.lock\" > /dev/null\nif [ $? != 0 ] ; then\n    # print error to STDERR\n    echo \"error: The sandbox is not in sync with the Podfile.lock. Run 'pod install' or update your CocoaPods installation.\" >&2\n    exit 1\nfi\n# This output is used by Xcode 'outputs' to avoid re-running this script phase.\necho \"SUCCESS\" > \"${SCRIPT_OUTPUT_FILE_0}\"\n";
			showEnvVarsInLog = 0;
		};
		8BF4FF02B0ACF87691F02427 /* [CP] Embed Pods Frameworks */ = {
			isa = PBXShellScriptBuildPhase;
			buildActionMask = 2147483647;
			files = (
			);
			inputFileListPaths = (
				"${PODS_ROOT}/Target Support Files/Pods-ProGitHub/Pods-ProGitHub-frameworks-${CONFIGURATION}-input-files.xcfilelist",
			);
			name = "[CP] Embed Pods Frameworks";
			outputFileListPaths = (
				"${PODS_ROOT}/Target Support Files/Pods-ProGitHub/Pods-ProGitHub-frameworks-${CONFIGURATION}-output-files.xcfilelist",
			);
			runOnlyForDeploymentPostprocessing = 0;
			shellPath = /bin/sh;
			shellScript = "\"${PODS_ROOT}/Target Support Files/Pods-ProGitHub/Pods-ProGitHub-frameworks.sh\"\n";
			showEnvVarsInLog = 0;
		};
		8EDD3782F36EBD812029B9D4 /* [CP] Check Pods Manifest.lock */ = {
			isa = PBXShellScriptBuildPhase;
			buildActionMask = 2147483647;
			files = (
			);
			inputFileListPaths = (
			);
			inputPaths = (
				"${PODS_PODFILE_DIR_PATH}/Podfile.lock",
				"${PODS_ROOT}/Manifest.lock",
			);
			name = "[CP] Check Pods Manifest.lock";
			outputFileListPaths = (
			);
			outputPaths = (
				"$(DERIVED_FILE_DIR)/Pods-ProGitHubTests-checkManifestLockResult.txt",
			);
			runOnlyForDeploymentPostprocessing = 0;
			shellPath = /bin/sh;
			shellScript = "diff \"${PODS_PODFILE_DIR_PATH}/Podfile.lock\" \"${PODS_ROOT}/Manifest.lock\" > /dev/null\nif [ $? != 0 ] ; then\n    # print error to STDERR\n    echo \"error: The sandbox is not in sync with the Podfile.lock. Run 'pod install' or update your CocoaPods installation.\" >&2\n    exit 1\nfi\n# This output is used by Xcode 'outputs' to avoid re-running this script phase.\necho \"SUCCESS\" > \"${SCRIPT_OUTPUT_FILE_0}\"\n";
			showEnvVarsInLog = 0;
		};
/* End PBXShellScriptBuildPhase section */

/* Begin PBXSourcesBuildPhase section */
		1B884B1F27E119ED003D981D /* Sources */ = {
			isa = PBXSourcesBuildPhase;
			buildActionMask = 2147483647;
			files = (
				1B884B2B27E119ED003D981D /* ViewController.swift in Sources */,
				1B884B2727E119ED003D981D /* AppDelegate.swift in Sources */,
				1B884B2927E119ED003D981D /* SceneDelegate.swift in Sources */,
			);
			runOnlyForDeploymentPostprocessing = 0;
		};
		1B884B3527E119F9003D981D /* Sources */ = {
			isa = PBXSourcesBuildPhase;
			buildActionMask = 2147483647;
			files = (
				1B884B3E27E119F9003D981D /* ProGitHubTests.swift in Sources */,
			);
			runOnlyForDeploymentPostprocessing = 0;
		};
		1B884B4027E119F9003D981D /* Sources */ = {
			isa = PBXSourcesBuildPhase;
			buildActionMask = 2147483647;
			files = (
				1B884B4927E119F9003D981D /* ProGitHubUITests.swift in Sources */,
			);
			runOnlyForDeploymentPostprocessing = 0;
		};
		1BB3DB6D27E12E6400F538D2 /* Sources */ = {
			isa = PBXSourcesBuildPhase;
			buildActionMask = 2147483647;
			files = (
				1B67E63427E2454A00DA0208 /* ApiService.swift in Sources */,
				1BB3DB8F27E12F7000F538D2 /* HttpGetClient.swift in Sources */,
			);
			runOnlyForDeploymentPostprocessing = 0;
		};
		1BB3DB7527E12E6500F538D2 /* Sources */ = {
			isa = PBXSourcesBuildPhase;
			buildActionMask = 2147483647;
			files = (
				1B7ACCBA27E4E71100C7C78E /* ApiServiceMock.swift in Sources */,
				1B7ACCAF27E4C27300C7C78E /* TestFactories.swift in Sources */,
				1B67E64927E2458F00DA0208 /* ApiServiceTests.swift in Sources */,
			);
			runOnlyForDeploymentPostprocessing = 0;
		};
		1BB3DBA227E131F000F538D2 /* Sources */ = {
			isa = PBXSourcesBuildPhase;
			buildActionMask = 2147483647;
			files = (
				1B7ACCEF27E5237500C7C78E /* GithubPullRequestParser.swift in Sources */,
				1B7ACCD927E50AA800C7C78E /* HttpError.swift in Sources */,
				1B7ACCE927E51FA400C7C78E /* GithubPullRequest.swift in Sources */,
				1B7ACCAA27E4C22500C7C78E /* TestFactories.swift in Sources */,
				1BB3DBB627E1328B00F538D2 /* GithubRepository.swift in Sources */,
				1B7ACCE327E50B0A00C7C78E /* RepositoriesResult.swift in Sources */,
				1B49645027E24D22007C1DB5 /* GithubRepositoryParser.swift in Sources */,
			);
			runOnlyForDeploymentPostprocessing = 0;
		};
/* End PBXSourcesBuildPhase section */

/* Begin PBXTargetDependency section */
		1B49643D27E24907007C1DB5 /* PBXTargetDependency */ = {
			isa = PBXTargetDependency;
			platformFilter = ios;
			target = 1BB3DBA527E131F000F538D2 /* Data */;
			targetProxy = 1B49643C27E24907007C1DB5 /* PBXContainerItemProxy */;
		};
		1B49647B27E260FA007C1DB5 /* PBXTargetDependency */ = {
			isa = PBXTargetDependency;
			target = 1BB3DB7027E12E6400F538D2 /* Infra */;
			targetProxy = 1B49647A27E260FA007C1DB5 /* PBXContainerItemProxy */;
		};
		1B884B3B27E119F9003D981D /* PBXTargetDependency */ = {
			isa = PBXTargetDependency;
			target = 1B884B2227E119ED003D981D /* ProGitHub */;
			targetProxy = 1B884B3A27E119F9003D981D /* PBXContainerItemProxy */;
		};
		1B884B4627E119F9003D981D /* PBXTargetDependency */ = {
			isa = PBXTargetDependency;
			target = 1B884B2227E119ED003D981D /* ProGitHub */;
			targetProxy = 1B884B4527E119F9003D981D /* PBXContainerItemProxy */;
		};
		1BB3DB7C27E12E6500F538D2 /* PBXTargetDependency */ = {
			isa = PBXTargetDependency;
			target = 1BB3DB7027E12E6400F538D2 /* Infra */;
			targetProxy = 1BB3DB7B27E12E6500F538D2 /* PBXContainerItemProxy */;
		};
/* End PBXTargetDependency section */

/* Begin PBXVariantGroup section */
		1B884B3127E119F9003D981D /* LaunchScreen.storyboard */ = {
			isa = PBXVariantGroup;
			children = (
				1B884B3227E119F9003D981D /* Base */,
			);
			name = LaunchScreen.storyboard;
			sourceTree = "<group>";
		};
/* End PBXVariantGroup section */

/* Begin XCBuildConfiguration section */
		1B884B4B27E119F9003D981D /* Debug */ = {
			isa = XCBuildConfiguration;
			buildSettings = {
				ALWAYS_SEARCH_USER_PATHS = NO;
				CLANG_ANALYZER_NONNULL = YES;
				CLANG_ANALYZER_NUMBER_OBJECT_CONVERSION = YES_AGGRESSIVE;
				CLANG_CXX_LANGUAGE_STANDARD = "gnu++14";
				CLANG_CXX_LIBRARY = "libc++";
				CLANG_ENABLE_MODULES = YES;
				CLANG_ENABLE_OBJC_ARC = YES;
				CLANG_ENABLE_OBJC_WEAK = YES;
				CLANG_WARN_BLOCK_CAPTURE_AUTORELEASING = YES;
				CLANG_WARN_BOOL_CONVERSION = YES;
				CLANG_WARN_COMMA = YES;
				CLANG_WARN_CONSTANT_CONVERSION = YES;
				CLANG_WARN_DEPRECATED_OBJC_IMPLEMENTATIONS = YES;
				CLANG_WARN_DIRECT_OBJC_ISA_USAGE = YES_ERROR;
				CLANG_WARN_DOCUMENTATION_COMMENTS = YES;
				CLANG_WARN_EMPTY_BODY = YES;
				CLANG_WARN_ENUM_CONVERSION = YES;
				CLANG_WARN_INFINITE_RECURSION = YES;
				CLANG_WARN_INT_CONVERSION = YES;
				CLANG_WARN_NON_LITERAL_NULL_CONVERSION = YES;
				CLANG_WARN_OBJC_IMPLICIT_RETAIN_SELF = YES;
				CLANG_WARN_OBJC_LITERAL_CONVERSION = YES;
				CLANG_WARN_OBJC_ROOT_CLASS = YES_ERROR;
				CLANG_WARN_QUOTED_INCLUDE_IN_FRAMEWORK_HEADER = YES;
				CLANG_WARN_RANGE_LOOP_ANALYSIS = YES;
				CLANG_WARN_STRICT_PROTOTYPES = YES;
				CLANG_WARN_SUSPICIOUS_MOVE = YES;
				CLANG_WARN_UNGUARDED_AVAILABILITY = YES_AGGRESSIVE;
				CLANG_WARN_UNREACHABLE_CODE = YES;
				CLANG_WARN__DUPLICATE_METHOD_MATCH = YES;
				COPY_PHASE_STRIP = NO;
				DEBUG_INFORMATION_FORMAT = dwarf;
				ENABLE_STRICT_OBJC_MSGSEND = YES;
				ENABLE_TESTABILITY = YES;
				GCC_C_LANGUAGE_STANDARD = gnu11;
				GCC_DYNAMIC_NO_PIC = NO;
				GCC_NO_COMMON_BLOCKS = YES;
				GCC_OPTIMIZATION_LEVEL = 0;
				GCC_PREPROCESSOR_DEFINITIONS = (
					"DEBUG=1",
					"$(inherited)",
				);
				GCC_WARN_64_TO_32_BIT_CONVERSION = YES;
				GCC_WARN_ABOUT_RETURN_TYPE = YES_ERROR;
				GCC_WARN_UNDECLARED_SELECTOR = YES;
				GCC_WARN_UNINITIALIZED_AUTOS = YES_AGGRESSIVE;
				GCC_WARN_UNUSED_FUNCTION = YES;
				GCC_WARN_UNUSED_VARIABLE = YES;
				IPHONEOS_DEPLOYMENT_TARGET = 14.4;
				MTL_ENABLE_DEBUG_INFO = INCLUDE_SOURCE;
				MTL_FAST_MATH = YES;
				ONLY_ACTIVE_ARCH = YES;
				SDKROOT = iphoneos;
				SWIFT_ACTIVE_COMPILATION_CONDITIONS = DEBUG;
				SWIFT_OPTIMIZATION_LEVEL = "-Onone";
			};
			name = Debug;
		};
		1B884B4C27E119F9003D981D /* Release */ = {
			isa = XCBuildConfiguration;
			buildSettings = {
				ALWAYS_SEARCH_USER_PATHS = NO;
				CLANG_ANALYZER_NONNULL = YES;
				CLANG_ANALYZER_NUMBER_OBJECT_CONVERSION = YES_AGGRESSIVE;
				CLANG_CXX_LANGUAGE_STANDARD = "gnu++14";
				CLANG_CXX_LIBRARY = "libc++";
				CLANG_ENABLE_MODULES = YES;
				CLANG_ENABLE_OBJC_ARC = YES;
				CLANG_ENABLE_OBJC_WEAK = YES;
				CLANG_WARN_BLOCK_CAPTURE_AUTORELEASING = YES;
				CLANG_WARN_BOOL_CONVERSION = YES;
				CLANG_WARN_COMMA = YES;
				CLANG_WARN_CONSTANT_CONVERSION = YES;
				CLANG_WARN_DEPRECATED_OBJC_IMPLEMENTATIONS = YES;
				CLANG_WARN_DIRECT_OBJC_ISA_USAGE = YES_ERROR;
				CLANG_WARN_DOCUMENTATION_COMMENTS = YES;
				CLANG_WARN_EMPTY_BODY = YES;
				CLANG_WARN_ENUM_CONVERSION = YES;
				CLANG_WARN_INFINITE_RECURSION = YES;
				CLANG_WARN_INT_CONVERSION = YES;
				CLANG_WARN_NON_LITERAL_NULL_CONVERSION = YES;
				CLANG_WARN_OBJC_IMPLICIT_RETAIN_SELF = YES;
				CLANG_WARN_OBJC_LITERAL_CONVERSION = YES;
				CLANG_WARN_OBJC_ROOT_CLASS = YES_ERROR;
				CLANG_WARN_QUOTED_INCLUDE_IN_FRAMEWORK_HEADER = YES;
				CLANG_WARN_RANGE_LOOP_ANALYSIS = YES;
				CLANG_WARN_STRICT_PROTOTYPES = YES;
				CLANG_WARN_SUSPICIOUS_MOVE = YES;
				CLANG_WARN_UNGUARDED_AVAILABILITY = YES_AGGRESSIVE;
				CLANG_WARN_UNREACHABLE_CODE = YES;
				CLANG_WARN__DUPLICATE_METHOD_MATCH = YES;
				COPY_PHASE_STRIP = NO;
				DEBUG_INFORMATION_FORMAT = "dwarf-with-dsym";
				ENABLE_NS_ASSERTIONS = NO;
				ENABLE_STRICT_OBJC_MSGSEND = YES;
				GCC_C_LANGUAGE_STANDARD = gnu11;
				GCC_NO_COMMON_BLOCKS = YES;
				GCC_WARN_64_TO_32_BIT_CONVERSION = YES;
				GCC_WARN_ABOUT_RETURN_TYPE = YES_ERROR;
				GCC_WARN_UNDECLARED_SELECTOR = YES;
				GCC_WARN_UNINITIALIZED_AUTOS = YES_AGGRESSIVE;
				GCC_WARN_UNUSED_FUNCTION = YES;
				GCC_WARN_UNUSED_VARIABLE = YES;
				IPHONEOS_DEPLOYMENT_TARGET = 14.4;
				MTL_ENABLE_DEBUG_INFO = NO;
				MTL_FAST_MATH = YES;
				SDKROOT = iphoneos;
				SWIFT_COMPILATION_MODE = wholemodule;
				SWIFT_OPTIMIZATION_LEVEL = "-O";
				VALIDATE_PRODUCT = YES;
			};
			name = Release;
		};
		1B884B4E27E119F9003D981D /* Debug */ = {
			isa = XCBuildConfiguration;
			baseConfigurationReference = FD3D83CD6FF69DB9404B1B50 /* Pods-ProGitHub.debug.xcconfig */;
			buildSettings = {
				ASSETCATALOG_COMPILER_APPICON_NAME = AppIcon;
				ASSETCATALOG_COMPILER_GLOBAL_ACCENT_COLOR_NAME = AccentColor;
				CODE_SIGN_STYLE = Automatic;
				DEVELOPMENT_TEAM = R75SA9L9QH;
				INFOPLIST_FILE = ProGitHub/Info.plist;
				LD_RUNPATH_SEARCH_PATHS = (
					"$(inherited)",
					"@executable_path/Frameworks",
				);
				PRODUCT_BUNDLE_IDENTIFIER = com.rafa.ProGitHub;
				PRODUCT_NAME = "$(TARGET_NAME)";
				SWIFT_VERSION = 5.0;
				TARGETED_DEVICE_FAMILY = "1,2";
			};
			name = Debug;
		};
		1B884B4F27E119F9003D981D /* Release */ = {
			isa = XCBuildConfiguration;
			baseConfigurationReference = 2DF817844C6B9EB85E9D6681 /* Pods-ProGitHub.release.xcconfig */;
			buildSettings = {
				ASSETCATALOG_COMPILER_APPICON_NAME = AppIcon;
				ASSETCATALOG_COMPILER_GLOBAL_ACCENT_COLOR_NAME = AccentColor;
				CODE_SIGN_STYLE = Automatic;
				DEVELOPMENT_TEAM = R75SA9L9QH;
				INFOPLIST_FILE = ProGitHub/Info.plist;
				LD_RUNPATH_SEARCH_PATHS = (
					"$(inherited)",
					"@executable_path/Frameworks",
				);
				PRODUCT_BUNDLE_IDENTIFIER = com.rafa.ProGitHub;
				PRODUCT_NAME = "$(TARGET_NAME)";
				SWIFT_VERSION = 5.0;
				TARGETED_DEVICE_FAMILY = "1,2";
			};
			name = Release;
		};
		1B884B5127E119F9003D981D /* Debug */ = {
			isa = XCBuildConfiguration;
			baseConfigurationReference = 319691400123026D164CB995 /* Pods-ProGitHubTests.debug.xcconfig */;
			buildSettings = {
				ALWAYS_EMBED_SWIFT_STANDARD_LIBRARIES = YES;
				BUNDLE_LOADER = "$(TEST_HOST)";
				CODE_SIGN_STYLE = Automatic;
				DEVELOPMENT_TEAM = R75SA9L9QH;
				INFOPLIST_FILE = ProGitHubTests/Info.plist;
				IPHONEOS_DEPLOYMENT_TARGET = 14.4;
				LD_RUNPATH_SEARCH_PATHS = (
					"$(inherited)",
					"@executable_path/Frameworks",
					"@loader_path/Frameworks",
				);
				PRODUCT_BUNDLE_IDENTIFIER = com.rafa.ProGitHubTests;
				PRODUCT_NAME = "$(TARGET_NAME)";
				SWIFT_VERSION = 5.0;
				TARGETED_DEVICE_FAMILY = "1,2";
				TEST_HOST = "$(BUILT_PRODUCTS_DIR)/ProGitHub.app/ProGitHub";
			};
			name = Debug;
		};
		1B884B5227E119F9003D981D /* Release */ = {
			isa = XCBuildConfiguration;
			baseConfigurationReference = 6E6066B386717306EB8CFBBA /* Pods-ProGitHubTests.release.xcconfig */;
			buildSettings = {
				ALWAYS_EMBED_SWIFT_STANDARD_LIBRARIES = YES;
				BUNDLE_LOADER = "$(TEST_HOST)";
				CODE_SIGN_STYLE = Automatic;
				DEVELOPMENT_TEAM = R75SA9L9QH;
				INFOPLIST_FILE = ProGitHubTests/Info.plist;
				IPHONEOS_DEPLOYMENT_TARGET = 14.4;
				LD_RUNPATH_SEARCH_PATHS = (
					"$(inherited)",
					"@executable_path/Frameworks",
					"@loader_path/Frameworks",
				);
				PRODUCT_BUNDLE_IDENTIFIER = com.rafa.ProGitHubTests;
				PRODUCT_NAME = "$(TARGET_NAME)";
				SWIFT_VERSION = 5.0;
				TARGETED_DEVICE_FAMILY = "1,2";
				TEST_HOST = "$(BUILT_PRODUCTS_DIR)/ProGitHub.app/ProGitHub";
			};
			name = Release;
		};
		1B884B5427E119F9003D981D /* Debug */ = {
			isa = XCBuildConfiguration;
			baseConfigurationReference = 8667FE3BD7F03C0F72568F3A /* Pods-ProGitHub-ProGitHubUITests.debug.xcconfig */;
			buildSettings = {
				ALWAYS_EMBED_SWIFT_STANDARD_LIBRARIES = YES;
				CODE_SIGN_STYLE = Automatic;
				DEVELOPMENT_TEAM = R75SA9L9QH;
				INFOPLIST_FILE = ProGitHubUITests/Info.plist;
				LD_RUNPATH_SEARCH_PATHS = (
					"$(inherited)",
					"@executable_path/Frameworks",
					"@loader_path/Frameworks",
				);
				PRODUCT_BUNDLE_IDENTIFIER = com.rafa.ProGitHubUITests;
				PRODUCT_NAME = "$(TARGET_NAME)";
				SWIFT_VERSION = 5.0;
				TARGETED_DEVICE_FAMILY = "1,2";
				TEST_TARGET_NAME = ProGitHub;
			};
			name = Debug;
		};
		1B884B5527E119F9003D981D /* Release */ = {
			isa = XCBuildConfiguration;
			baseConfigurationReference = 8B2F28A9FDE5351A300C22E4 /* Pods-ProGitHub-ProGitHubUITests.release.xcconfig */;
			buildSettings = {
				ALWAYS_EMBED_SWIFT_STANDARD_LIBRARIES = YES;
				CODE_SIGN_STYLE = Automatic;
				DEVELOPMENT_TEAM = R75SA9L9QH;
				INFOPLIST_FILE = ProGitHubUITests/Info.plist;
				LD_RUNPATH_SEARCH_PATHS = (
					"$(inherited)",
					"@executable_path/Frameworks",
					"@loader_path/Frameworks",
				);
				PRODUCT_BUNDLE_IDENTIFIER = com.rafa.ProGitHubUITests;
				PRODUCT_NAME = "$(TARGET_NAME)";
				SWIFT_VERSION = 5.0;
				TARGETED_DEVICE_FAMILY = "1,2";
				TEST_TARGET_NAME = ProGitHub;
			};
			name = Release;
		};
		1BB3DB8327E12E6500F538D2 /* Debug */ = {
			isa = XCBuildConfiguration;
			baseConfigurationReference = 7EFEFACBE11EC53A7CE33B6D /* Pods-ProGitHub-Infra.debug.xcconfig */;
			buildSettings = {
				CLANG_ENABLE_MODULES = YES;
				CODE_SIGN_STYLE = Automatic;
				COMBINE_HIDPI_IMAGES = YES;
				CURRENT_PROJECT_VERSION = 1;
				DEFINES_MODULE = YES;
				DEVELOPMENT_TEAM = R75SA9L9QH;
				DYLIB_COMPATIBILITY_VERSION = 1;
				DYLIB_CURRENT_VERSION = 1;
				DYLIB_INSTALL_NAME_BASE = "@rpath";
				INFOPLIST_FILE = Infra/Info.plist;
				INSTALL_PATH = "$(LOCAL_LIBRARY_DIR)/Frameworks";
				LD_RUNPATH_SEARCH_PATHS = (
					"$(inherited)",
					"@executable_path/../Frameworks",
					"@loader_path/Frameworks",
				);
				MACOSX_DEPLOYMENT_TARGET = 10.15;
				PRODUCT_BUNDLE_IDENTIFIER = com.rafa.Infra;
				PRODUCT_NAME = "$(TARGET_NAME:c99extidentifier)";
				SDKROOT = iphoneos;
				SKIP_INSTALL = YES;
				SWIFT_OPTIMIZATION_LEVEL = "-Onone";
				SWIFT_VERSION = 5.0;
				VERSIONING_SYSTEM = "apple-generic";
				VERSION_INFO_PREFIX = "";
			};
			name = Debug;
		};
		1BB3DB8427E12E6500F538D2 /* Release */ = {
			isa = XCBuildConfiguration;
			baseConfigurationReference = 55D342FF69E228F5D08C2E70 /* Pods-ProGitHub-Infra.release.xcconfig */;
			buildSettings = {
				CLANG_ENABLE_MODULES = YES;
				CODE_SIGN_STYLE = Automatic;
				COMBINE_HIDPI_IMAGES = YES;
				CURRENT_PROJECT_VERSION = 1;
				DEFINES_MODULE = YES;
				DEVELOPMENT_TEAM = R75SA9L9QH;
				DYLIB_COMPATIBILITY_VERSION = 1;
				DYLIB_CURRENT_VERSION = 1;
				DYLIB_INSTALL_NAME_BASE = "@rpath";
				INFOPLIST_FILE = Infra/Info.plist;
				INSTALL_PATH = "$(LOCAL_LIBRARY_DIR)/Frameworks";
				LD_RUNPATH_SEARCH_PATHS = (
					"$(inherited)",
					"@executable_path/../Frameworks",
					"@loader_path/Frameworks",
				);
				MACOSX_DEPLOYMENT_TARGET = 10.15;
				PRODUCT_BUNDLE_IDENTIFIER = com.rafa.Infra;
				PRODUCT_NAME = "$(TARGET_NAME:c99extidentifier)";
				SDKROOT = iphoneos;
				SKIP_INSTALL = YES;
				SWIFT_VERSION = 5.0;
				VERSIONING_SYSTEM = "apple-generic";
				VERSION_INFO_PREFIX = "";
			};
			name = Release;
		};
		1BB3DB8627E12E6500F538D2 /* Debug */ = {
			isa = XCBuildConfiguration;
			baseConfigurationReference = F1D7E7DCC41C3E978CB54AB0 /* Pods-ProGitHub-InfraTests.debug.xcconfig */;
			buildSettings = {
				ALWAYS_EMBED_SWIFT_STANDARD_LIBRARIES = YES;
				CLANG_ENABLE_MODULES = YES;
				CODE_SIGN_STYLE = Automatic;
				COMBINE_HIDPI_IMAGES = YES;
				DEVELOPMENT_TEAM = R75SA9L9QH;
				INFOPLIST_FILE = InfraTests/Info.plist;
				LD_RUNPATH_SEARCH_PATHS = (
					"$(inherited)",
					"@executable_path/../Frameworks",
					"@loader_path/../Frameworks",
				);
				MACOSX_DEPLOYMENT_TARGET = 10.15;
				PRODUCT_BUNDLE_IDENTIFIER = com.rafa.InfraTests;
				PRODUCT_NAME = "$(TARGET_NAME)";
				SDKROOT = iphoneos;
				SWIFT_OPTIMIZATION_LEVEL = "-Onone";
				SWIFT_VERSION = 5.0;
			};
			name = Debug;
		};
		1BB3DB8727E12E6500F538D2 /* Release */ = {
			isa = XCBuildConfiguration;
			baseConfigurationReference = 5E9E15B1086084DCE446EA7B /* Pods-ProGitHub-InfraTests.release.xcconfig */;
			buildSettings = {
				ALWAYS_EMBED_SWIFT_STANDARD_LIBRARIES = YES;
				CLANG_ENABLE_MODULES = YES;
				CODE_SIGN_STYLE = Automatic;
				COMBINE_HIDPI_IMAGES = YES;
				DEVELOPMENT_TEAM = R75SA9L9QH;
				INFOPLIST_FILE = InfraTests/Info.plist;
				LD_RUNPATH_SEARCH_PATHS = (
					"$(inherited)",
					"@executable_path/../Frameworks",
					"@loader_path/../Frameworks",
				);
				MACOSX_DEPLOYMENT_TARGET = 10.15;
				PRODUCT_BUNDLE_IDENTIFIER = com.rafa.InfraTests;
				PRODUCT_NAME = "$(TARGET_NAME)";
				SDKROOT = iphoneos;
				SWIFT_VERSION = 5.0;
			};
			name = Release;
		};
		1BB3DBAB27E131F000F538D2 /* Debug */ = {
			isa = XCBuildConfiguration;
			baseConfigurationReference = 15C8BF81C1D9DE10A9DF9F9D /* Pods-ProGitHub-Data.debug.xcconfig */;
			buildSettings = {
				CLANG_ENABLE_MODULES = YES;
				CODE_SIGN_STYLE = Manual;
				COMBINE_HIDPI_IMAGES = YES;
				CURRENT_PROJECT_VERSION = 1;
				DEFINES_MODULE = YES;
				DEVELOPMENT_TEAM = "";
				DYLIB_COMPATIBILITY_VERSION = 1;
				DYLIB_CURRENT_VERSION = 1;
				DYLIB_INSTALL_NAME_BASE = "@rpath";
				INFOPLIST_FILE = Data/Info.plist;
				INSTALL_PATH = "$(LOCAL_LIBRARY_DIR)/Frameworks";
				LD_RUNPATH_SEARCH_PATHS = (
					"$(inherited)",
					"@executable_path/../Frameworks",
					"@loader_path/Frameworks",
				);
				MACOSX_DEPLOYMENT_TARGET = 10.15;
				PRODUCT_BUNDLE_IDENTIFIER = com.rafa.Data;
				PRODUCT_NAME = "$(TARGET_NAME:c99extidentifier)";
				PROVISIONING_PROFILE_SPECIFIER = "";
				SDKROOT = iphoneos;
				SKIP_INSTALL = YES;
				SWIFT_OPTIMIZATION_LEVEL = "-Onone";
				SWIFT_VERSION = 5.0;
				VERSIONING_SYSTEM = "apple-generic";
				VERSION_INFO_PREFIX = "";
			};
			name = Debug;
		};
		1BB3DBAC27E131F000F538D2 /* Release */ = {
			isa = XCBuildConfiguration;
			baseConfigurationReference = CCB2387955920CDC52A5EEBB /* Pods-ProGitHub-Data.release.xcconfig */;
			buildSettings = {
				CLANG_ENABLE_MODULES = YES;
				CODE_SIGN_STYLE = Manual;
				COMBINE_HIDPI_IMAGES = YES;
				CURRENT_PROJECT_VERSION = 1;
				DEFINES_MODULE = YES;
				DEVELOPMENT_TEAM = "";
				DYLIB_COMPATIBILITY_VERSION = 1;
				DYLIB_CURRENT_VERSION = 1;
				DYLIB_INSTALL_NAME_BASE = "@rpath";
				INFOPLIST_FILE = Data/Info.plist;
				INSTALL_PATH = "$(LOCAL_LIBRARY_DIR)/Frameworks";
				LD_RUNPATH_SEARCH_PATHS = (
					"$(inherited)",
					"@executable_path/../Frameworks",
					"@loader_path/Frameworks",
				);
				MACOSX_DEPLOYMENT_TARGET = 10.15;
				PRODUCT_BUNDLE_IDENTIFIER = com.rafa.Data;
				PRODUCT_NAME = "$(TARGET_NAME:c99extidentifier)";
				PROVISIONING_PROFILE_SPECIFIER = "";
				SDKROOT = iphoneos;
				SKIP_INSTALL = YES;
				SWIFT_VERSION = 5.0;
				VERSIONING_SYSTEM = "apple-generic";
				VERSION_INFO_PREFIX = "";
			};
			name = Release;
		};
/* End XCBuildConfiguration section */

/* Begin XCConfigurationList section */
		1B884B1E27E119ED003D981D /* Build configuration list for PBXProject "ProGitHub" */ = {
			isa = XCConfigurationList;
			buildConfigurations = (
				1B884B4B27E119F9003D981D /* Debug */,
				1B884B4C27E119F9003D981D /* Release */,
			);
			defaultConfigurationIsVisible = 0;
			defaultConfigurationName = Release;
		};
		1B884B4D27E119F9003D981D /* Build configuration list for PBXNativeTarget "ProGitHub" */ = {
			isa = XCConfigurationList;
			buildConfigurations = (
				1B884B4E27E119F9003D981D /* Debug */,
				1B884B4F27E119F9003D981D /* Release */,
			);
			defaultConfigurationIsVisible = 0;
			defaultConfigurationName = Release;
		};
		1B884B5027E119F9003D981D /* Build configuration list for PBXNativeTarget "ProGitHubTests" */ = {
			isa = XCConfigurationList;
			buildConfigurations = (
				1B884B5127E119F9003D981D /* Debug */,
				1B884B5227E119F9003D981D /* Release */,
			);
			defaultConfigurationIsVisible = 0;
			defaultConfigurationName = Release;
		};
		1B884B5327E119F9003D981D /* Build configuration list for PBXNativeTarget "ProGitHubUITests" */ = {
			isa = XCConfigurationList;
			buildConfigurations = (
				1B884B5427E119F9003D981D /* Debug */,
				1B884B5527E119F9003D981D /* Release */,
			);
			defaultConfigurationIsVisible = 0;
			defaultConfigurationName = Release;
		};
		1BB3DB8227E12E6500F538D2 /* Build configuration list for PBXNativeTarget "Infra" */ = {
			isa = XCConfigurationList;
			buildConfigurations = (
				1BB3DB8327E12E6500F538D2 /* Debug */,
				1BB3DB8427E12E6500F538D2 /* Release */,
			);
			defaultConfigurationIsVisible = 0;
			defaultConfigurationName = Release;
		};
		1BB3DB8527E12E6500F538D2 /* Build configuration list for PBXNativeTarget "InfraTests" */ = {
			isa = XCConfigurationList;
			buildConfigurations = (
				1BB3DB8627E12E6500F538D2 /* Debug */,
				1BB3DB8727E12E6500F538D2 /* Release */,
			);
			defaultConfigurationIsVisible = 0;
			defaultConfigurationName = Release;
		};
		1BB3DBAD27E131F000F538D2 /* Build configuration list for PBXNativeTarget "Data" */ = {
			isa = XCConfigurationList;
			buildConfigurations = (
				1BB3DBAB27E131F000F538D2 /* Debug */,
				1BB3DBAC27E131F000F538D2 /* Release */,
			);
			defaultConfigurationIsVisible = 0;
			defaultConfigurationName = Release;
		};
/* End XCConfigurationList section */
	};
	rootObject = 1B884B1B27E119ED003D981D /* Project object */;
}
