// !$*UTF8*$!
{
	archiveVersion = 1;
	classes = {
	};
	objectVersion = 52;
	objects = {

/* Begin PBXBuildFile section */
		0E9C2115C6C25AAC58BD8A6C /* Pods_ProGitHub_ProGitHubUITests.framework in Frameworks */ = {isa = PBXBuildFile; fileRef = 56B9AEC368C950F447EC807B /* Pods_ProGitHub_ProGitHubUITests.framework */; };
		1B1746D727E9592300764AC6 /* Data.framework in Frameworks */ = {isa = PBXBuildFile; fileRef = 1BB3DBA627E131F000F538D2 /* Data.framework */; platformFilter = ios; };
		1B1746D827E9592300764AC6 /* Data.framework in Embed Frameworks */ = {isa = PBXBuildFile; fileRef = 1BB3DBA627E131F000F538D2 /* Data.framework */; platformFilter = ios; settings = {ATTRIBUTES = (CodeSignOnCopy, RemoveHeadersOnCopy, ); }; };
		1B1746DE27E9592800764AC6 /* Pods_ProGitHub_Data.framework in Frameworks */ = {isa = PBXBuildFile; fileRef = E8F895E8B1B024D404AEC554 /* Pods_ProGitHub_Data.framework */; platformFilter = ios; };
		1B1746DF27E9592800764AC6 /* Pods_ProGitHub_Data.framework in Embed Frameworks */ = {isa = PBXBuildFile; fileRef = E8F895E8B1B024D404AEC554 /* Pods_ProGitHub_Data.framework */; platformFilter = ios; settings = {ATTRIBUTES = (CodeSignOnCopy, RemoveHeadersOnCopy, ); }; };
		1B4684F727E6ADA200A6F444 /* BuildFile in Embed Frameworks */ = {isa = PBXBuildFile; platformFilter = ios; settings = {ATTRIBUTES = (CodeSignOnCopy, RemoveHeadersOnCopy, ); }; };
		1B46856E27E6C7E400A6F444 /* git_loading.json in Resources */ = {isa = PBXBuildFile; fileRef = 1B46856D27E6C7E400A6F444 /* git_loading.json */; };
		1B46857327E6C7FE00A6F444 /* LoadingView.swift in Sources */ = {isa = PBXBuildFile; fileRef = 1B46857227E6C7FE00A6F444 /* LoadingView.swift */; };
		1B46857927E6C98700A6F444 /* BaseViewController.swift in Sources */ = {isa = PBXBuildFile; fileRef = 1B46857827E6C98700A6F444 /* BaseViewController.swift */; };
		1B46858827E6CEDF00A6F444 /* Fredoka-Bold.ttf in Resources */ = {isa = PBXBuildFile; fileRef = 1BBA026E27E67FD20001CF86 /* Fredoka-Bold.ttf */; };
		1B46858C27E6CEE600A6F444 /* Fredoka-Light.ttf in Resources */ = {isa = PBXBuildFile; fileRef = 1BBA027027E67FD20001CF86 /* Fredoka-Light.ttf */; };
		1B46859027E6CEE900A6F444 /* Fredoka-Medium.ttf in Resources */ = {isa = PBXBuildFile; fileRef = 1BBA026F27E67FD20001CF86 /* Fredoka-Medium.ttf */; };
		1B46859427E6CEEB00A6F444 /* Fredoka-Regular.ttf in Resources */ = {isa = PBXBuildFile; fileRef = 1BBA027127E67FD20001CF86 /* Fredoka-Regular.ttf */; };
		1B46859827E6CEF000A6F444 /* Fredoka-SemiBold.ttf in Resources */ = {isa = PBXBuildFile; fileRef = 1BBA026D27E67FD20001CF86 /* Fredoka-SemiBold.ttf */; };
		1B49645027E24D22007C1DB5 /* GithubRepositoryParser.swift in Sources */ = {isa = PBXBuildFile; fileRef = 1B49644F27E24D22007C1DB5 /* GithubRepositoryParser.swift */; };
		1B49647827E260FA007C1DB5 /* Infra.framework in Frameworks */ = {isa = PBXBuildFile; fileRef = 1BB3DB7127E12E6400F538D2 /* Infra.framework */; };
		1B49647927E260FA007C1DB5 /* Infra.framework in Embed Frameworks */ = {isa = PBXBuildFile; fileRef = 1BB3DB7127E12E6400F538D2 /* Infra.framework */; settings = {ATTRIBUTES = (CodeSignOnCopy, RemoveHeadersOnCopy, ); }; };
		1B67E63427E2454A00DA0208 /* ApiService.swift in Sources */ = {isa = PBXBuildFile; fileRef = 1B67E63327E2454A00DA0208 /* ApiService.swift */; };
		1B67E64927E2458F00DA0208 /* InfraTests.swift in Sources */ = {isa = PBXBuildFile; fileRef = 1B67E64827E2458F00DA0208 /* InfraTests.swift */; };
		1B7ACCAA27E4C22500C7C78E /* TestFactories.swift in Sources */ = {isa = PBXBuildFile; fileRef = 1B7ACCA927E4C22500C7C78E /* TestFactories.swift */; };
		1B7ACCAF27E4C27300C7C78E /* TestFactories.swift in Sources */ = {isa = PBXBuildFile; fileRef = 1B7ACCA927E4C22500C7C78E /* TestFactories.swift */; };
		1B7ACCD927E50AA800C7C78E /* HttpError.swift in Sources */ = {isa = PBXBuildFile; fileRef = 1B7ACCD827E50AA800C7C78E /* HttpError.swift */; };
		1B7ACCE327E50B0A00C7C78E /* RepositoriesResult.swift in Sources */ = {isa = PBXBuildFile; fileRef = 1B7ACCE227E50B0A00C7C78E /* RepositoriesResult.swift */; };
		1B7ACCE927E51FA400C7C78E /* GithubPullRequest.swift in Sources */ = {isa = PBXBuildFile; fileRef = 1B7ACCE827E51FA400C7C78E /* GithubPullRequest.swift */; };
		1B7ACCEF27E5237500C7C78E /* GithubPullRequestParser.swift in Sources */ = {isa = PBXBuildFile; fileRef = 1B7ACCEE27E5237500C7C78E /* GithubPullRequestParser.swift */; };
		1B884B2727E119ED003D981D /* AppDelegate.swift in Sources */ = {isa = PBXBuildFile; fileRef = 1B884B2627E119ED003D981D /* AppDelegate.swift */; };
		1B884B2927E119ED003D981D /* SceneDelegate.swift in Sources */ = {isa = PBXBuildFile; fileRef = 1B884B2827E119ED003D981D /* SceneDelegate.swift */; };
		1B884B3027E119F9003D981D /* Assets.xcassets in Resources */ = {isa = PBXBuildFile; fileRef = 1B884B2F27E119F9003D981D /* Assets.xcassets */; };
		1B884B3327E119F9003D981D /* LaunchScreen.storyboard in Resources */ = {isa = PBXBuildFile; fileRef = 1B884B3127E119F9003D981D /* LaunchScreen.storyboard */; };
		1B884B3E27E119F9003D981D /* ProGitHubTests.swift in Sources */ = {isa = PBXBuildFile; fileRef = 1B884B3D27E119F9003D981D /* ProGitHubTests.swift */; };
		1B884B4927E119F9003D981D /* ProGitHubUITests.swift in Sources */ = {isa = PBXBuildFile; fileRef = 1B884B4827E119F9003D981D /* ProGitHubUITests.swift */; };
		1B960E9E27E89D0B009C016B /* MenuViewController.swift in Sources */ = {isa = PBXBuildFile; fileRef = 1B960E9D27E89D0B009C016B /* MenuViewController.swift */; };
		1B960EAB27E8A703009C016B /* MenuTableViewCell.swift in Sources */ = {isa = PBXBuildFile; fileRef = 1B960EAA27E8A703009C016B /* MenuTableViewCell.swift */; };
		1B960EBB27E8E5B8009C016B /* UIColor+Extension.swift in Sources */ = {isa = PBXBuildFile; fileRef = 1B960EBA27E8E5B8009C016B /* UIColor+Extension.swift */; };
		1B960EC427E8E9FC009C016B /* CustomFonts.swift in Sources */ = {isa = PBXBuildFile; fileRef = 1B960EC327E8E9FC009C016B /* CustomFonts.swift */; };
		1B960ED827E8EAFE009C016B /* CustomFonts.swift in Sources */ = {isa = PBXBuildFile; fileRef = 1B960EC327E8E9FC009C016B /* CustomFonts.swift */; };
		1B960EDE27E8F16B009C016B /* MenuViewModel.swift in Sources */ = {isa = PBXBuildFile; fileRef = 1B960EDD27E8F16B009C016B /* MenuViewModel.swift */; };
		1B960EE927E8FF93009C016B /* PullRequestsViewModel.swift in Sources */ = {isa = PBXBuildFile; fileRef = 1B960EE827E8FF93009C016B /* PullRequestsViewModel.swift */; };
		1B960EEE27E91A7E009C016B /* MenuTableViewDataSource.swift in Sources */ = {isa = PBXBuildFile; fileRef = 1B960EED27E91A7E009C016B /* MenuTableViewDataSource.swift */; };
		1B960EF627E91E77009C016B /* PullRequestsTableViewDataSource.swift in Sources */ = {isa = PBXBuildFile; fileRef = 1B960EF527E91E77009C016B /* PullRequestsTableViewDataSource.swift */; };
		1B960EFB27E92392009C016B /* RepositoriesTableViewDataSource.swift in Sources */ = {isa = PBXBuildFile; fileRef = 1B960EFA27E92392009C016B /* RepositoriesTableViewDataSource.swift */; };
		1B960F0227E935B9009C016B /* TableViewDelegate.swift in Sources */ = {isa = PBXBuildFile; fileRef = 1B960F0127E935B9009C016B /* TableViewDelegate.swift */; };
		1B960F0727E935C9009C016B /* NavigationTableViewDelegate.swift in Sources */ = {isa = PBXBuildFile; fileRef = 1B960F0627E935C9009C016B /* NavigationTableViewDelegate.swift */; };
		1B960F7027E9542F009C016B /* DataTests.swift in Sources */ = {isa = PBXBuildFile; fileRef = 1B960F6F27E9542F009C016B /* DataTests.swift */; };
		1B960F7227E9542F009C016B /* Data.framework in Frameworks */ = {isa = PBXBuildFile; fileRef = 1BB3DBA627E131F000F538D2 /* Data.framework */; };
		1B99E8FD27E75AA600C03E38 /* RepositoriesViewModel.swift in Sources */ = {isa = PBXBuildFile; fileRef = 1B99E8FC27E75AA600C03E38 /* RepositoriesViewModel.swift */; };
		1B99E90627E75B7200C03E38 /* PullRequestsViewController.swift in Sources */ = {isa = PBXBuildFile; fileRef = 1B99E90527E75B7200C03E38 /* PullRequestsViewController.swift */; };
		1B99E90B27E76A0F00C03E38 /* PullRequestTableViewCell.swift in Sources */ = {isa = PBXBuildFile; fileRef = 1B99E90A27E76A0F00C03E38 /* PullRequestTableViewCell.swift */; };
		1B99E91027E76B1900C03E38 /* CardView.swift in Sources */ = {isa = PBXBuildFile; fileRef = 1B99E90F27E76B1900C03E38 /* CardView.swift */; };
		1BB3DB7A27E12E6500F538D2 /* Infra.framework in Frameworks */ = {isa = PBXBuildFile; fileRef = 1BB3DB7127E12E6400F538D2 /* Infra.framework */; };
		1BB3DBB627E1328B00F538D2 /* GithubRepository.swift in Sources */ = {isa = PBXBuildFile; fileRef = 1BB3DBB527E1328B00F538D2 /* GithubRepository.swift */; };
		1BBA025A27E6556D0001CF86 /* BottomRepositoriesView.swift in Sources */ = {isa = PBXBuildFile; fileRef = 1BBA025927E6556D0001CF86 /* BottomRepositoriesView.swift */; };
		1BBA026027E669FE0001CF86 /* IconPlusLabelView.swift in Sources */ = {isa = PBXBuildFile; fileRef = 1BBA025F27E669FE0001CF86 /* IconPlusLabelView.swift */; };
		1BBA027F27E68F490001CF86 /* CachedImage.swift in Sources */ = {isa = PBXBuildFile; fileRef = 1BBA027E27E68F490001CF86 /* CachedImage.swift */; };
		1BBD5F4127E5FAAA00759FBA /* RepositoriesViewController.swift in Sources */ = {isa = PBXBuildFile; fileRef = 1BBD5F4027E5FAAA00759FBA /* RepositoriesViewController.swift */; };
		1BBD5F5127E5FFCD00759FBA /* RepositoryTableViewCell.swift in Sources */ = {isa = PBXBuildFile; fileRef = 1BBD5F5027E5FFCD00759FBA /* RepositoryTableViewCell.swift */; };
		1BBD5F5827E601A400759FBA /* TitleAndSubtitleView.swift in Sources */ = {isa = PBXBuildFile; fileRef = 1BBD5F5727E601A400759FBA /* TitleAndSubtitleView.swift */; };
		1BBD5F6327E604D400759FBA /* UIFont+Extension.swift in Sources */ = {isa = PBXBuildFile; fileRef = 1BBD5F6227E604D400759FBA /* UIFont+Extension.swift */; };
		1BBD5F6D27E60C7000759FBA /* ProfileView.swift in Sources */ = {isa = PBXBuildFile; fileRef = 1BBD5F6C27E60C7000759FBA /* ProfileView.swift */; };
		1BBD5F7727E6196F00759FBA /* TextProperties.swift in Sources */ = {isa = PBXBuildFile; fileRef = 1BBD5F7627E6196F00759FBA /* TextProperties.swift */; };
		1BBD5F7C27E61A1400759FBA /* UIFont+Extension.swift in Sources */ = {isa = PBXBuildFile; fileRef = 1BBD5F6227E604D400759FBA /* UIFont+Extension.swift */; };
		1BFB5FCF27E693B200416A9E /* CachedImageManager.swift in Sources */ = {isa = PBXBuildFile; fileRef = 1BFB5FCE27E693B200416A9E /* CachedImageManager.swift */; };
		4A02D26983D692D5A98886DC /* Pods_ProGitHubTests.framework in Frameworks */ = {isa = PBXBuildFile; fileRef = 51AA93D1BEC5D7E879DF1ED7 /* Pods_ProGitHubTests.framework */; };
		9C791AE76C0B42C89B111796 /* Pods_ProGitHub.framework in Frameworks */ = {isa = PBXBuildFile; fileRef = ABFB1A4159F75F1FFAEE57E4 /* Pods_ProGitHub.framework */; };
		9FB17C3BB73D01B9B3D11F55 /* Pods_ProGitHub_Infra.framework in Frameworks */ = {isa = PBXBuildFile; fileRef = B5417E9D51A7F511E2A01F0D /* Pods_ProGitHub_Infra.framework */; platformFilter = maccatalyst; };
/* End PBXBuildFile section */

/* Begin PBXContainerItemProxy section */
		1B49647A27E260FA007C1DB5 /* PBXContainerItemProxy */ = {
			isa = PBXContainerItemProxy;
			containerPortal = 1B884B1B27E119ED003D981D /* Project object */;
			proxyType = 1;
			remoteGlobalIDString = 1BB3DB7027E12E6400F538D2;
			remoteInfo = Infra;
		};
		1B884B3A27E119F9003D981D /* PBXContainerItemProxy */ = {
			isa = PBXContainerItemProxy;
			containerPortal = 1B884B1B27E119ED003D981D /* Project object */;
			proxyType = 1;
			remoteGlobalIDString = 1B884B2227E119ED003D981D;
			remoteInfo = ProGitHub;
		};
		1B884B4527E119F9003D981D /* PBXContainerItemProxy */ = {
			isa = PBXContainerItemProxy;
			containerPortal = 1B884B1B27E119ED003D981D /* Project object */;
			proxyType = 1;
			remoteGlobalIDString = 1B884B2227E119ED003D981D;
			remoteInfo = ProGitHub;
		};
		1B960F7327E9542F009C016B /* PBXContainerItemProxy */ = {
			isa = PBXContainerItemProxy;
			containerPortal = 1B884B1B27E119ED003D981D /* Project object */;
			proxyType = 1;
			remoteGlobalIDString = 1BB3DBA527E131F000F538D2;
			remoteInfo = Data;
		};
		1B960F9227E95613009C016B /* PBXContainerItemProxy */ = {
			isa = PBXContainerItemProxy;
			containerPortal = 1B884B1B27E119ED003D981D /* Project object */;
			proxyType = 1;
			remoteGlobalIDString = 1BB3DBA527E131F000F538D2;
			remoteInfo = Data;
		};
		1BB3DB7B27E12E6500F538D2 /* PBXContainerItemProxy */ = {
			isa = PBXContainerItemProxy;
			containerPortal = 1B884B1B27E119ED003D981D /* Project object */;
			proxyType = 1;
			remoteGlobalIDString = 1BB3DB7027E12E6400F538D2;
			remoteInfo = Infra;
		};
/* End PBXContainerItemProxy section */

/* Begin PBXCopyFilesBuildPhase section */
		1B1746D927E9592300764AC6 /* Embed Frameworks */ = {
			isa = PBXCopyFilesBuildPhase;
			buildActionMask = 2147483647;
			dstPath = "";
			dstSubfolderSpec = 10;
			files = (
				1B1746D827E9592300764AC6 /* Data.framework in Embed Frameworks */,
			);
			name = "Embed Frameworks";
			runOnlyForDeploymentPostprocessing = 0;
		};
		1B4684F227E6AD6F00A6F444 /* Embed Frameworks */ = {
			isa = PBXCopyFilesBuildPhase;
			buildActionMask = 2147483647;
			dstPath = "";
			dstSubfolderSpec = 10;
			files = (
				1B4684F727E6ADA200A6F444 /* BuildFile in Embed Frameworks */,
				1B1746DF27E9592800764AC6 /* Pods_ProGitHub_Data.framework in Embed Frameworks */,
			);
			name = "Embed Frameworks";
			runOnlyForDeploymentPostprocessing = 0;
		};
		1B49647C27E260FA007C1DB5 /* Embed Frameworks */ = {
			isa = PBXCopyFilesBuildPhase;
			buildActionMask = 2147483647;
			dstPath = "";
			dstSubfolderSpec = 10;
			files = (
				1B49647927E260FA007C1DB5 /* Infra.framework in Embed Frameworks */,
			);
			name = "Embed Frameworks";
			runOnlyForDeploymentPostprocessing = 0;
		};
/* End PBXCopyFilesBuildPhase section */

/* Begin PBXFileReference section */
		0A74DAC15C118128EEE70916 /* Pods-ProGitHubTests.release.xcconfig */ = {isa = PBXFileReference; includeInIndex = 1; lastKnownFileType = text.xcconfig; name = "Pods-ProGitHubTests.release.xcconfig"; path = "Target Support Files/Pods-ProGitHubTests/Pods-ProGitHubTests.release.xcconfig"; sourceTree = "<group>"; };
		10EDD688C9781330ABF8C188 /* Pods-ProGitHub.release.xcconfig */ = {isa = PBXFileReference; includeInIndex = 1; lastKnownFileType = text.xcconfig; name = "Pods-ProGitHub.release.xcconfig"; path = "Target Support Files/Pods-ProGitHub/Pods-ProGitHub.release.xcconfig"; sourceTree = "<group>"; };
		1B4684E927E6AD5100A6F444 /* Realm.framework */ = {isa = PBXFileReference; explicitFileType = wrapper.framework; path = Realm.framework; sourceTree = BUILT_PRODUCTS_DIR; };
		1B4684EC27E6AD6500A6F444 /* Realm.framework */ = {isa = PBXFileReference; explicitFileType = wrapper.framework; path = Realm.framework; sourceTree = BUILT_PRODUCTS_DIR; };
		1B4684EF27E6AD6F00A6F444 /* Realm.framework */ = {isa = PBXFileReference; explicitFileType = wrapper.framework; path = Realm.framework; sourceTree = BUILT_PRODUCTS_DIR; };
		1B46851427E6AF1400A6F444 /* Realm.framework */ = {isa = PBXFileReference; explicitFileType = wrapper.framework; path = Realm.framework; sourceTree = BUILT_PRODUCTS_DIR; };
		1B46851727E6AF2200A6F444 /* RealmSwift.framework */ = {isa = PBXFileReference; explicitFileType = wrapper.framework; path = RealmSwift.framework; sourceTree = BUILT_PRODUCTS_DIR; };
		1B46851A27E6AF2B00A6F444 /* Realm.framework */ = {isa = PBXFileReference; explicitFileType = wrapper.framework; path = Realm.framework; sourceTree = BUILT_PRODUCTS_DIR; };
		1B46852027E6AF3000A6F444 /* RealmSwift.framework */ = {isa = PBXFileReference; explicitFileType = wrapper.framework; path = RealmSwift.framework; sourceTree = BUILT_PRODUCTS_DIR; };
		1B46856D27E6C7E400A6F444 /* git_loading.json */ = {isa = PBXFileReference; fileEncoding = 4; lastKnownFileType = text.json; path = git_loading.json; sourceTree = "<group>"; };
		1B46857227E6C7FE00A6F444 /* LoadingView.swift */ = {isa = PBXFileReference; lastKnownFileType = sourcecode.swift; path = LoadingView.swift; sourceTree = "<group>"; };
		1B46857827E6C98700A6F444 /* BaseViewController.swift */ = {isa = PBXFileReference; lastKnownFileType = sourcecode.swift; path = BaseViewController.swift; sourceTree = "<group>"; };
		1B49644F27E24D22007C1DB5 /* GithubRepositoryParser.swift */ = {isa = PBXFileReference; lastKnownFileType = sourcecode.swift; path = GithubRepositoryParser.swift; sourceTree = "<group>"; };
		1B67E63327E2454A00DA0208 /* ApiService.swift */ = {isa = PBXFileReference; lastKnownFileType = sourcecode.swift; path = ApiService.swift; sourceTree = "<group>"; };
		1B67E64827E2458F00DA0208 /* InfraTests.swift */ = {isa = PBXFileReference; lastKnownFileType = sourcecode.swift; path = InfraTests.swift; sourceTree = "<group>"; };
		1B7ACCA927E4C22500C7C78E /* TestFactories.swift */ = {isa = PBXFileReference; lastKnownFileType = sourcecode.swift; path = TestFactories.swift; sourceTree = "<group>"; };
		1B7ACCD827E50AA800C7C78E /* HttpError.swift */ = {isa = PBXFileReference; lastKnownFileType = sourcecode.swift; path = HttpError.swift; sourceTree = "<group>"; };
		1B7ACCE227E50B0A00C7C78E /* RepositoriesResult.swift */ = {isa = PBXFileReference; lastKnownFileType = sourcecode.swift; path = RepositoriesResult.swift; sourceTree = "<group>"; };
		1B7ACCE827E51FA400C7C78E /* GithubPullRequest.swift */ = {isa = PBXFileReference; lastKnownFileType = sourcecode.swift; path = GithubPullRequest.swift; sourceTree = "<group>"; };
		1B7ACCEE27E5237500C7C78E /* GithubPullRequestParser.swift */ = {isa = PBXFileReference; lastKnownFileType = sourcecode.swift; path = GithubPullRequestParser.swift; sourceTree = "<group>"; };
		1B884B2327E119ED003D981D /* ProGitHub.app */ = {isa = PBXFileReference; explicitFileType = wrapper.application; includeInIndex = 0; path = ProGitHub.app; sourceTree = BUILT_PRODUCTS_DIR; };
		1B884B2627E119ED003D981D /* AppDelegate.swift */ = {isa = PBXFileReference; lastKnownFileType = sourcecode.swift; path = AppDelegate.swift; sourceTree = "<group>"; };
		1B884B2827E119ED003D981D /* SceneDelegate.swift */ = {isa = PBXFileReference; lastKnownFileType = sourcecode.swift; path = SceneDelegate.swift; sourceTree = "<group>"; };
		1B884B2F27E119F9003D981D /* Assets.xcassets */ = {isa = PBXFileReference; lastKnownFileType = folder.assetcatalog; path = Assets.xcassets; sourceTree = "<group>"; };
		1B884B3227E119F9003D981D /* Base */ = {isa = PBXFileReference; lastKnownFileType = file.storyboard; name = Base; path = Base.lproj/LaunchScreen.storyboard; sourceTree = "<group>"; };
		1B884B3427E119F9003D981D /* Info.plist */ = {isa = PBXFileReference; lastKnownFileType = text.plist.xml; path = Info.plist; sourceTree = "<group>"; };
		1B884B3927E119F9003D981D /* ProGitHubTests.xctest */ = {isa = PBXFileReference; explicitFileType = wrapper.cfbundle; includeInIndex = 0; path = ProGitHubTests.xctest; sourceTree = BUILT_PRODUCTS_DIR; };
		1B884B3D27E119F9003D981D /* ProGitHubTests.swift */ = {isa = PBXFileReference; lastKnownFileType = sourcecode.swift; path = ProGitHubTests.swift; sourceTree = "<group>"; };
		1B884B3F27E119F9003D981D /* Info.plist */ = {isa = PBXFileReference; lastKnownFileType = text.plist.xml; path = Info.plist; sourceTree = "<group>"; };
		1B884B4427E119F9003D981D /* ProGitHubUITests.xctest */ = {isa = PBXFileReference; explicitFileType = wrapper.cfbundle; includeInIndex = 0; path = ProGitHubUITests.xctest; sourceTree = BUILT_PRODUCTS_DIR; };
		1B884B4827E119F9003D981D /* ProGitHubUITests.swift */ = {isa = PBXFileReference; lastKnownFileType = sourcecode.swift; path = ProGitHubUITests.swift; sourceTree = "<group>"; };
		1B884B4A27E119F9003D981D /* Info.plist */ = {isa = PBXFileReference; lastKnownFileType = text.plist.xml; path = Info.plist; sourceTree = "<group>"; };
		1B960E9D27E89D0B009C016B /* MenuViewController.swift */ = {isa = PBXFileReference; lastKnownFileType = sourcecode.swift; path = MenuViewController.swift; sourceTree = "<group>"; };
		1B960EAA27E8A703009C016B /* MenuTableViewCell.swift */ = {isa = PBXFileReference; lastKnownFileType = sourcecode.swift; path = MenuTableViewCell.swift; sourceTree = "<group>"; };
		1B960EBA27E8E5B8009C016B /* UIColor+Extension.swift */ = {isa = PBXFileReference; lastKnownFileType = sourcecode.swift; path = "UIColor+Extension.swift"; sourceTree = "<group>"; };
		1B960EC327E8E9FC009C016B /* CustomFonts.swift */ = {isa = PBXFileReference; lastKnownFileType = sourcecode.swift; path = CustomFonts.swift; sourceTree = "<group>"; };
		1B960EDD27E8F16B009C016B /* MenuViewModel.swift */ = {isa = PBXFileReference; lastKnownFileType = sourcecode.swift; path = MenuViewModel.swift; sourceTree = "<group>"; };
		1B960EE827E8FF93009C016B /* PullRequestsViewModel.swift */ = {isa = PBXFileReference; lastKnownFileType = sourcecode.swift; path = PullRequestsViewModel.swift; sourceTree = "<group>"; };
		1B960EED27E91A7E009C016B /* MenuTableViewDataSource.swift */ = {isa = PBXFileReference; lastKnownFileType = sourcecode.swift; path = MenuTableViewDataSource.swift; sourceTree = "<group>"; };
		1B960EF527E91E77009C016B /* PullRequestsTableViewDataSource.swift */ = {isa = PBXFileReference; lastKnownFileType = sourcecode.swift; path = PullRequestsTableViewDataSource.swift; sourceTree = "<group>"; };
		1B960EFA27E92392009C016B /* RepositoriesTableViewDataSource.swift */ = {isa = PBXFileReference; lastKnownFileType = sourcecode.swift; path = RepositoriesTableViewDataSource.swift; sourceTree = "<group>"; };
		1B960F0127E935B9009C016B /* TableViewDelegate.swift */ = {isa = PBXFileReference; lastKnownFileType = sourcecode.swift; path = TableViewDelegate.swift; sourceTree = "<group>"; };
		1B960F0627E935C9009C016B /* NavigationTableViewDelegate.swift */ = {isa = PBXFileReference; lastKnownFileType = sourcecode.swift; path = NavigationTableViewDelegate.swift; sourceTree = "<group>"; };
		1B960F6D27E9542F009C016B /* DataTests.xctest */ = {isa = PBXFileReference; explicitFileType = wrapper.cfbundle; includeInIndex = 0; path = DataTests.xctest; sourceTree = BUILT_PRODUCTS_DIR; };
		1B960F6F27E9542F009C016B /* DataTests.swift */ = {isa = PBXFileReference; lastKnownFileType = sourcecode.swift; path = DataTests.swift; sourceTree = "<group>"; };
		1B960F7127E9542F009C016B /* Info.plist */ = {isa = PBXFileReference; lastKnownFileType = text.plist.xml; path = Info.plist; sourceTree = "<group>"; };
		1B99E8FC27E75AA600C03E38 /* RepositoriesViewModel.swift */ = {isa = PBXFileReference; lastKnownFileType = sourcecode.swift; path = RepositoriesViewModel.swift; sourceTree = "<group>"; };
		1B99E90527E75B7200C03E38 /* PullRequestsViewController.swift */ = {isa = PBXFileReference; lastKnownFileType = sourcecode.swift; path = PullRequestsViewController.swift; sourceTree = "<group>"; };
		1B99E90A27E76A0F00C03E38 /* PullRequestTableViewCell.swift */ = {isa = PBXFileReference; lastKnownFileType = sourcecode.swift; path = PullRequestTableViewCell.swift; sourceTree = "<group>"; };
		1B99E90F27E76B1900C03E38 /* CardView.swift */ = {isa = PBXFileReference; lastKnownFileType = sourcecode.swift; path = CardView.swift; sourceTree = "<group>"; };
		1BB3DB7127E12E6400F538D2 /* Infra.framework */ = {isa = PBXFileReference; explicitFileType = wrapper.framework; includeInIndex = 0; path = Infra.framework; sourceTree = BUILT_PRODUCTS_DIR; };
		1BB3DB7427E12E6400F538D2 /* Info.plist */ = {isa = PBXFileReference; lastKnownFileType = text.plist.xml; path = Info.plist; sourceTree = "<group>"; };
		1BB3DB7927E12E6500F538D2 /* InfraTests.xctest */ = {isa = PBXFileReference; explicitFileType = wrapper.cfbundle; includeInIndex = 0; path = InfraTests.xctest; sourceTree = BUILT_PRODUCTS_DIR; };
		1BB3DB8027E12E6500F538D2 /* Info.plist */ = {isa = PBXFileReference; lastKnownFileType = text.plist.xml; path = Info.plist; sourceTree = "<group>"; };
		1BB3DBA627E131F000F538D2 /* Data.framework */ = {isa = PBXFileReference; explicitFileType = wrapper.framework; includeInIndex = 0; path = Data.framework; sourceTree = BUILT_PRODUCTS_DIR; };
		1BB3DBA927E131F000F538D2 /* Info.plist */ = {isa = PBXFileReference; lastKnownFileType = text.plist.xml; path = Info.plist; sourceTree = "<group>"; };
		1BB3DBB527E1328B00F538D2 /* GithubRepository.swift */ = {isa = PBXFileReference; lastKnownFileType = sourcecode.swift; path = GithubRepository.swift; sourceTree = "<group>"; };
		1BBA025927E6556D0001CF86 /* BottomRepositoriesView.swift */ = {isa = PBXFileReference; lastKnownFileType = sourcecode.swift; path = BottomRepositoriesView.swift; sourceTree = "<group>"; };
		1BBA025F27E669FE0001CF86 /* IconPlusLabelView.swift */ = {isa = PBXFileReference; lastKnownFileType = sourcecode.swift; path = IconPlusLabelView.swift; sourceTree = "<group>"; };
		1BBA026D27E67FD20001CF86 /* Fredoka-SemiBold.ttf */ = {isa = PBXFileReference; lastKnownFileType = file; path = "Fredoka-SemiBold.ttf"; sourceTree = "<group>"; };
		1BBA026E27E67FD20001CF86 /* Fredoka-Bold.ttf */ = {isa = PBXFileReference; lastKnownFileType = file; path = "Fredoka-Bold.ttf"; sourceTree = "<group>"; };
		1BBA026F27E67FD20001CF86 /* Fredoka-Medium.ttf */ = {isa = PBXFileReference; lastKnownFileType = file; path = "Fredoka-Medium.ttf"; sourceTree = "<group>"; };
		1BBA027027E67FD20001CF86 /* Fredoka-Light.ttf */ = {isa = PBXFileReference; lastKnownFileType = file; path = "Fredoka-Light.ttf"; sourceTree = "<group>"; };
		1BBA027127E67FD20001CF86 /* Fredoka-Regular.ttf */ = {isa = PBXFileReference; lastKnownFileType = file; path = "Fredoka-Regular.ttf"; sourceTree = "<group>"; };
		1BBA027E27E68F490001CF86 /* CachedImage.swift */ = {isa = PBXFileReference; lastKnownFileType = sourcecode.swift; path = CachedImage.swift; sourceTree = "<group>"; };
		1BBD5F4027E5FAAA00759FBA /* RepositoriesViewController.swift */ = {isa = PBXFileReference; lastKnownFileType = sourcecode.swift; path = RepositoriesViewController.swift; sourceTree = "<group>"; };
		1BBD5F5027E5FFCD00759FBA /* RepositoryTableViewCell.swift */ = {isa = PBXFileReference; lastKnownFileType = sourcecode.swift; path = RepositoryTableViewCell.swift; sourceTree = "<group>"; };
		1BBD5F5727E601A400759FBA /* TitleAndSubtitleView.swift */ = {isa = PBXFileReference; lastKnownFileType = sourcecode.swift; path = TitleAndSubtitleView.swift; sourceTree = "<group>"; };
		1BBD5F6227E604D400759FBA /* UIFont+Extension.swift */ = {isa = PBXFileReference; lastKnownFileType = sourcecode.swift; path = "UIFont+Extension.swift"; sourceTree = "<group>"; };
		1BBD5F6C27E60C7000759FBA /* ProfileView.swift */ = {isa = PBXFileReference; lastKnownFileType = sourcecode.swift; path = ProfileView.swift; sourceTree = "<group>"; };
		1BBD5F7627E6196F00759FBA /* TextProperties.swift */ = {isa = PBXFileReference; lastKnownFileType = sourcecode.swift; path = TextProperties.swift; sourceTree = "<group>"; };
		1BFB5FCE27E693B200416A9E /* CachedImageManager.swift */ = {isa = PBXFileReference; lastKnownFileType = sourcecode.swift; path = CachedImageManager.swift; sourceTree = "<group>"; };
		2619D83B1C0136EFD5AEDEA0 /* Pods-ProGitHub-Infra.debug.xcconfig */ = {isa = PBXFileReference; includeInIndex = 1; lastKnownFileType = text.xcconfig; name = "Pods-ProGitHub-Infra.debug.xcconfig"; path = "Target Support Files/Pods-ProGitHub-Infra/Pods-ProGitHub-Infra.debug.xcconfig"; sourceTree = "<group>"; };
		37BE50690DC0DF7350B8CC05 /* Pods-ProGitHub-ProGitHubUITests.release.xcconfig */ = {isa = PBXFileReference; includeInIndex = 1; lastKnownFileType = text.xcconfig; name = "Pods-ProGitHub-ProGitHubUITests.release.xcconfig"; path = "Target Support Files/Pods-ProGitHub-ProGitHubUITests/Pods-ProGitHub-ProGitHubUITests.release.xcconfig"; sourceTree = "<group>"; };
		45BB1D463B220F72314E433A /* Pods-ProGitHub-Data.release.xcconfig */ = {isa = PBXFileReference; includeInIndex = 1; lastKnownFileType = text.xcconfig; name = "Pods-ProGitHub-Data.release.xcconfig"; path = "Target Support Files/Pods-ProGitHub-Data/Pods-ProGitHub-Data.release.xcconfig"; sourceTree = "<group>"; };
		51AA93D1BEC5D7E879DF1ED7 /* Pods_ProGitHubTests.framework */ = {isa = PBXFileReference; explicitFileType = wrapper.framework; includeInIndex = 0; path = Pods_ProGitHubTests.framework; sourceTree = BUILT_PRODUCTS_DIR; };
		56B9AEC368C950F447EC807B /* Pods_ProGitHub_ProGitHubUITests.framework */ = {isa = PBXFileReference; explicitFileType = wrapper.framework; includeInIndex = 0; path = Pods_ProGitHub_ProGitHubUITests.framework; sourceTree = BUILT_PRODUCTS_DIR; };
		777049694ABFB47A5600B4AD /* Pods-ProGitHub-Data.debug.xcconfig */ = {isa = PBXFileReference; includeInIndex = 1; lastKnownFileType = text.xcconfig; name = "Pods-ProGitHub-Data.debug.xcconfig"; path = "Target Support Files/Pods-ProGitHub-Data/Pods-ProGitHub-Data.debug.xcconfig"; sourceTree = "<group>"; };
		7821076D9977CE353FEBEEC9 /* Pods-ProGitHubTests.debug.xcconfig */ = {isa = PBXFileReference; includeInIndex = 1; lastKnownFileType = text.xcconfig; name = "Pods-ProGitHubTests.debug.xcconfig"; path = "Target Support Files/Pods-ProGitHubTests/Pods-ProGitHubTests.debug.xcconfig"; sourceTree = "<group>"; };
		ABFB1A4159F75F1FFAEE57E4 /* Pods_ProGitHub.framework */ = {isa = PBXFileReference; explicitFileType = wrapper.framework; includeInIndex = 0; path = Pods_ProGitHub.framework; sourceTree = BUILT_PRODUCTS_DIR; };
		B5417E9D51A7F511E2A01F0D /* Pods_ProGitHub_Infra.framework */ = {isa = PBXFileReference; explicitFileType = wrapper.framework; includeInIndex = 0; path = Pods_ProGitHub_Infra.framework; sourceTree = BUILT_PRODUCTS_DIR; };
		DCD11B5FA3C9457EF7E6D35F /* Pods-ProGitHub-Infra.release.xcconfig */ = {isa = PBXFileReference; includeInIndex = 1; lastKnownFileType = text.xcconfig; name = "Pods-ProGitHub-Infra.release.xcconfig"; path = "Target Support Files/Pods-ProGitHub-Infra/Pods-ProGitHub-Infra.release.xcconfig"; sourceTree = "<group>"; };
		E8F895E8B1B024D404AEC554 /* Pods_ProGitHub_Data.framework */ = {isa = PBXFileReference; explicitFileType = wrapper.framework; includeInIndex = 0; path = Pods_ProGitHub_Data.framework; sourceTree = BUILT_PRODUCTS_DIR; };
		EFA0FF5C859ECCCA4DEBF9EC /* Pods-ProGitHub-ProGitHubUITests.debug.xcconfig */ = {isa = PBXFileReference; includeInIndex = 1; lastKnownFileType = text.xcconfig; name = "Pods-ProGitHub-ProGitHubUITests.debug.xcconfig"; path = "Target Support Files/Pods-ProGitHub-ProGitHubUITests/Pods-ProGitHub-ProGitHubUITests.debug.xcconfig"; sourceTree = "<group>"; };
		F6F68409B4795D6E30F3FC41 /* Pods-ProGitHub.debug.xcconfig */ = {isa = PBXFileReference; includeInIndex = 1; lastKnownFileType = text.xcconfig; name = "Pods-ProGitHub.debug.xcconfig"; path = "Target Support Files/Pods-ProGitHub/Pods-ProGitHub.debug.xcconfig"; sourceTree = "<group>"; };
/* End PBXFileReference section */

/* Begin PBXFrameworksBuildPhase section */
		1B884B2027E119ED003D981D /* Frameworks */ = {
			isa = PBXFrameworksBuildPhase;
			buildActionMask = 2147483647;
			files = (
				1B49647827E260FA007C1DB5 /* Infra.framework in Frameworks */,
				9C791AE76C0B42C89B111796 /* Pods_ProGitHub.framework in Frameworks */,
			);
			runOnlyForDeploymentPostprocessing = 0;
		};
		1B884B3627E119F9003D981D /* Frameworks */ = {
			isa = PBXFrameworksBuildPhase;
			buildActionMask = 2147483647;
			files = (
				4A02D26983D692D5A98886DC /* Pods_ProGitHubTests.framework in Frameworks */,
			);
			runOnlyForDeploymentPostprocessing = 0;
		};
		1B884B4127E119F9003D981D /* Frameworks */ = {
			isa = PBXFrameworksBuildPhase;
			buildActionMask = 2147483647;
			files = (
				0E9C2115C6C25AAC58BD8A6C /* Pods_ProGitHub_ProGitHubUITests.framework in Frameworks */,
			);
			runOnlyForDeploymentPostprocessing = 0;
		};
		1B960F6A27E9542F009C016B /* Frameworks */ = {
			isa = PBXFrameworksBuildPhase;
			buildActionMask = 2147483647;
			files = (
				1B960F7227E9542F009C016B /* Data.framework in Frameworks */,
			);
			runOnlyForDeploymentPostprocessing = 0;
		};
		1BB3DB6E27E12E6400F538D2 /* Frameworks */ = {
			isa = PBXFrameworksBuildPhase;
			buildActionMask = 2147483647;
			files = (
				1B1746D727E9592300764AC6 /* Data.framework in Frameworks */,
				9FB17C3BB73D01B9B3D11F55 /* Pods_ProGitHub_Infra.framework in Frameworks */,
			);
			runOnlyForDeploymentPostprocessing = 0;
		};
		1BB3DB7627E12E6500F538D2 /* Frameworks */ = {
			isa = PBXFrameworksBuildPhase;
			buildActionMask = 2147483647;
			files = (
				1BB3DB7A27E12E6500F538D2 /* Infra.framework in Frameworks */,
			);
			runOnlyForDeploymentPostprocessing = 0;
		};
		1BB3DBA327E131F000F538D2 /* Frameworks */ = {
			isa = PBXFrameworksBuildPhase;
			buildActionMask = 2147483647;
			files = (
				1B1746DE27E9592800764AC6 /* Pods_ProGitHub_Data.framework in Frameworks */,
			);
			runOnlyForDeploymentPostprocessing = 0;
		};
/* End PBXFrameworksBuildPhase section */

/* Begin PBXGroup section */
		1B46857727E6C96300A6F444 /* BaseViewController */ = {
			isa = PBXGroup;
			children = (
				1B46857827E6C98700A6F444 /* BaseViewController.swift */,
			);
			path = BaseViewController;
			sourceTree = "<group>";
		};
		1B49644E27E24D13007C1DB5 /* Parser */ = {
			isa = PBXGroup;
			children = (
				1B49644F27E24D22007C1DB5 /* GithubRepositoryParser.swift */,
				1B7ACCEE27E5237500C7C78E /* GithubPullRequestParser.swift */,
			);
			path = Parser;
			sourceTree = "<group>";
		};
		1B67E63127E244F100DA0208 /* Http */ = {
			isa = PBXGroup;
			children = (
				1B67E63327E2454A00DA0208 /* ApiService.swift */,
			);
			path = Http;
			sourceTree = "<group>";
		};
		1B67E65027E2459F00DA0208 /* Http */ = {
			isa = PBXGroup;
			children = (
				1B67E64827E2458F00DA0208 /* InfraTests.swift */,
			);
			path = Http;
			sourceTree = "<group>";
		};
		1B7ACCA427E4C20E00C7C78E /* Factories */ = {
			isa = PBXGroup;
			children = (
				1B7ACCA927E4C22500C7C78E /* TestFactories.swift */,
			);
			path = Factories;
			sourceTree = "<group>";
		};
		1B7ACCD727E50A9B00C7C78E /* Http */ = {
			isa = PBXGroup;
			children = (
				1B7ACCD827E50AA800C7C78E /* HttpError.swift */,
				1B7ACCE227E50B0A00C7C78E /* RepositoriesResult.swift */,
			);
			path = Http;
			sourceTree = "<group>";
		};
		1B884B1A27E119ED003D981D = {
			isa = PBXGroup;
			children = (
				1B884B2527E119ED003D981D /* ProGitHub */,
				1B884B3C27E119F9003D981D /* ProGitHubTests */,
				1B884B4727E119F9003D981D /* ProGitHubUITests */,
				1BB3DB7227E12E6400F538D2 /* Infra */,
				1BB3DB7D27E12E6500F538D2 /* InfraTests */,
				1BB3DBA727E131F000F538D2 /* Data */,
				1B960F6E27E9542F009C016B /* DataTests */,
				1B884B2427E119ED003D981D /* Products */,
				ACC564EECD47ADE53516F3AE /* Pods */,
				DD23B56ABB6B12F753F6ACA9 /* Frameworks */,
			);
			sourceTree = "<group>";
		};
		1B884B2427E119ED003D981D /* Products */ = {
			isa = PBXGroup;
			children = (
				1B884B2327E119ED003D981D /* ProGitHub.app */,
				1B884B3927E119F9003D981D /* ProGitHubTests.xctest */,
				1B884B4427E119F9003D981D /* ProGitHubUITests.xctest */,
				1BB3DB7127E12E6400F538D2 /* Infra.framework */,
				1BB3DB7927E12E6500F538D2 /* InfraTests.xctest */,
				1BB3DBA627E131F000F538D2 /* Data.framework */,
				1B960F6D27E9542F009C016B /* DataTests.xctest */,
			);
			name = Products;
			sourceTree = "<group>";
		};
		1B884B2527E119ED003D981D /* ProGitHub */ = {
			isa = PBXGroup;
			children = (
				1B960F8A27E95554009C016B /* Supporting Files */,
				1BBD5F6127E604BD00759FBA /* Extensions */,
				1BBD5F3027E5FA6200759FBA /* Scenes */,
				1BB3DB4C27E12A1E00F538D2 /* Fonts */,
				1B884B2F27E119F9003D981D /* Assets.xcassets */,
				1B884B3427E119F9003D981D /* Info.plist */,
			);
			path = ProGitHub;
			sourceTree = "<group>";
		};
		1B884B3C27E119F9003D981D /* ProGitHubTests */ = {
			isa = PBXGroup;
			children = (
				1B884B3D27E119F9003D981D /* ProGitHubTests.swift */,
				1B884B3F27E119F9003D981D /* Info.plist */,
			);
			path = ProGitHubTests;
			sourceTree = "<group>";
		};
		1B884B4727E119F9003D981D /* ProGitHubUITests */ = {
			isa = PBXGroup;
			children = (
				1B884B4827E119F9003D981D /* ProGitHubUITests.swift */,
				1B884B4A27E119F9003D981D /* Info.plist */,
			);
			path = ProGitHubUITests;
			sourceTree = "<group>";
		};
		1B960E9C27E89CCF009C016B /* Menu */ = {
			isa = PBXGroup;
			children = (
				1B960EDC27E8F15A009C016B /* ViewModel */,
				1B960E9D27E89D0B009C016B /* MenuViewController.swift */,
				1B960EED27E91A7E009C016B /* MenuTableViewDataSource.swift */,
				1B960EAA27E8A703009C016B /* MenuTableViewCell.swift */,
			);
			path = Menu;
			sourceTree = "<group>";
		};
		1B960EC227E8E9E8009C016B /* Protocols */ = {
			isa = PBXGroup;
			children = (
				1B960EC327E8E9FC009C016B /* CustomFonts.swift */,
			);
			path = Protocols;
			sourceTree = "<group>";
		};
		1B960EDC27E8F15A009C016B /* ViewModel */ = {
			isa = PBXGroup;
			children = (
				1B960EDD27E8F16B009C016B /* MenuViewModel.swift */,
			);
			path = ViewModel;
			sourceTree = "<group>";
		};
		1B960EE727E8FF79009C016B /* ViewModel */ = {
			isa = PBXGroup;
			children = (
				1B960EE827E8FF93009C016B /* PullRequestsViewModel.swift */,
			);
			path = ViewModel;
			sourceTree = "<group>";
		};
		1B960EFF27E93581009C016B /* Protocols */ = {
			isa = PBXGroup;
			children = (
				1B960F0127E935B9009C016B /* TableViewDelegate.swift */,
				1B960F0627E935C9009C016B /* NavigationTableViewDelegate.swift */,
			);
			path = Protocols;
			sourceTree = "<group>";
		};
		1B960F6E27E9542F009C016B /* DataTests */ = {
			isa = PBXGroup;
			children = (
				1B960F6F27E9542F009C016B /* DataTests.swift */,
				1B960F7127E9542F009C016B /* Info.plist */,
			);
			path = DataTests;
			sourceTree = "<group>";
		};
		1B960F8A27E95554009C016B /* Supporting Files */ = {
			isa = PBXGroup;
			children = (
				1B884B2627E119ED003D981D /* AppDelegate.swift */,
				1B884B2827E119ED003D981D /* SceneDelegate.swift */,
				1B884B3127E119F9003D981D /* LaunchScreen.storyboard */,
			);
			path = "Supporting Files";
			sourceTree = "<group>";
		};
		1B99E8FB27E75A9700C03E38 /* ViewModel */ = {
			isa = PBXGroup;
			children = (
				1B99E8FC27E75AA600C03E38 /* RepositoriesViewModel.swift */,
			);
			path = ViewModel;
			sourceTree = "<group>";
		};
		1B99E90427E75B4900C03E38 /* PullRequests */ = {
			isa = PBXGroup;
			children = (
				1B960EE727E8FF79009C016B /* ViewModel */,
				1B99E90527E75B7200C03E38 /* PullRequestsViewController.swift */,
				1B99E90A27E76A0F00C03E38 /* PullRequestTableViewCell.swift */,
				1B960EF527E91E77009C016B /* PullRequestsTableViewDataSource.swift */,
			);
			path = PullRequests;
			sourceTree = "<group>";
		};
		1BB3DB4C27E12A1E00F538D2 /* Fonts */ = {
			isa = PBXGroup;
			children = (
				1BBA026E27E67FD20001CF86 /* Fredoka-Bold.ttf */,
				1BBA027027E67FD20001CF86 /* Fredoka-Light.ttf */,
				1BBA026F27E67FD20001CF86 /* Fredoka-Medium.ttf */,
				1BBA027127E67FD20001CF86 /* Fredoka-Regular.ttf */,
				1BBA026D27E67FD20001CF86 /* Fredoka-SemiBold.ttf */,
			);
			path = Fonts;
			sourceTree = "<group>";
		};
		1BB3DB7227E12E6400F538D2 /* Infra */ = {
			isa = PBXGroup;
			children = (
				1B67E63127E244F100DA0208 /* Http */,
				1BB3DB7427E12E6400F538D2 /* Info.plist */,
			);
			path = Infra;
			sourceTree = "<group>";
		};
		1BB3DB7D27E12E6500F538D2 /* InfraTests */ = {
			isa = PBXGroup;
			children = (
				1B67E65027E2459F00DA0208 /* Http */,
				1BB3DB8027E12E6500F538D2 /* Info.plist */,
			);
			path = InfraTests;
			sourceTree = "<group>";
		};
		1BB3DBA727E131F000F538D2 /* Data */ = {
			isa = PBXGroup;
			children = (
				1BBA027D27E68E8B0001CF86 /* Cache */,
				1B7ACCD727E50A9B00C7C78E /* Http */,
				1B7ACCA427E4C20E00C7C78E /* Factories */,
				1B49644E27E24D13007C1DB5 /* Parser */,
				1BB3DBB427E1325A00F538D2 /* Models */,
				1BB3DBA927E131F000F538D2 /* Info.plist */,
			);
			path = Data;
			sourceTree = "<group>";
		};
		1BB3DBB427E1325A00F538D2 /* Models */ = {
			isa = PBXGroup;
			children = (
				1BB3DBB527E1328B00F538D2 /* GithubRepository.swift */,
				1B7ACCE827E51FA400C7C78E /* GithubPullRequest.swift */,
				1BBD5F7627E6196F00759FBA /* TextProperties.swift */,
			);
			path = Models;
			sourceTree = "<group>";
		};
		1BBA027D27E68E8B0001CF86 /* Cache */ = {
			isa = PBXGroup;
			children = (
				1BBA027E27E68F490001CF86 /* CachedImage.swift */,
				1BFB5FCE27E693B200416A9E /* CachedImageManager.swift */,
			);
			path = Cache;
			sourceTree = "<group>";
		};
		1BBD5F3027E5FA6200759FBA /* Scenes */ = {
			isa = PBXGroup;
			children = (
				1B960EFF27E93581009C016B /* Protocols */,
				1B960E9C27E89CCF009C016B /* Menu */,
				1B99E90427E75B4900C03E38 /* PullRequests */,
				1B46857727E6C96300A6F444 /* BaseViewController */,
				1BBD5F5627E6017A00759FBA /* Components */,
				1BBD5F3F27E5FA8D00759FBA /* Repositories */,
			);
			path = Scenes;
			sourceTree = "<group>";
		};
		1BBD5F3F27E5FA8D00759FBA /* Repositories */ = {
			isa = PBXGroup;
			children = (
				1B99E8FB27E75A9700C03E38 /* ViewModel */,
				1BBD5F4027E5FAAA00759FBA /* RepositoriesViewController.swift */,
				1BBD5F5027E5FFCD00759FBA /* RepositoryTableViewCell.swift */,
				1B960EFA27E92392009C016B /* RepositoriesTableViewDataSource.swift */,
			);
			path = Repositories;
			sourceTree = "<group>";
		};
		1BBD5F5627E6017A00759FBA /* Components */ = {
			isa = PBXGroup;
			children = (
				1BDFEA4B27EA88C800351072 /* Animations */,
				1B46857227E6C7FE00A6F444 /* LoadingView.swift */,
				1BBD5F5727E601A400759FBA /* TitleAndSubtitleView.swift */,
				1BBD5F6C27E60C7000759FBA /* ProfileView.swift */,
				1BBA025927E6556D0001CF86 /* BottomRepositoriesView.swift */,
				1BBA025F27E669FE0001CF86 /* IconPlusLabelView.swift */,
				1B99E90F27E76B1900C03E38 /* CardView.swift */,
			);
			path = Components;
			sourceTree = "<group>";
		};
		1BBD5F6127E604BD00759FBA /* Extensions */ = {
			isa = PBXGroup;
			children = (
				1B960EC227E8E9E8009C016B /* Protocols */,
				1BBD5F6227E604D400759FBA /* UIFont+Extension.swift */,
				1B960EBA27E8E5B8009C016B /* UIColor+Extension.swift */,
			);
			path = Extensions;
			sourceTree = "<group>";
		};
		1BDFEA4B27EA88C800351072 /* Animations */ = {
			isa = PBXGroup;
			children = (
				1B46856D27E6C7E400A6F444 /* git_loading.json */,
			);
			path = Animations;
			sourceTree = "<group>";
		};
		ACC564EECD47ADE53516F3AE /* Pods */ = {
			isa = PBXGroup;
			children = (
				F6F68409B4795D6E30F3FC41 /* Pods-ProGitHub.debug.xcconfig */,
				10EDD688C9781330ABF8C188 /* Pods-ProGitHub.release.xcconfig */,
				777049694ABFB47A5600B4AD /* Pods-ProGitHub-Data.debug.xcconfig */,
				45BB1D463B220F72314E433A /* Pods-ProGitHub-Data.release.xcconfig */,
				2619D83B1C0136EFD5AEDEA0 /* Pods-ProGitHub-Infra.debug.xcconfig */,
				DCD11B5FA3C9457EF7E6D35F /* Pods-ProGitHub-Infra.release.xcconfig */,
				EFA0FF5C859ECCCA4DEBF9EC /* Pods-ProGitHub-ProGitHubUITests.debug.xcconfig */,
				37BE50690DC0DF7350B8CC05 /* Pods-ProGitHub-ProGitHubUITests.release.xcconfig */,
				7821076D9977CE353FEBEEC9 /* Pods-ProGitHubTests.debug.xcconfig */,
				0A74DAC15C118128EEE70916 /* Pods-ProGitHubTests.release.xcconfig */,
			);
			path = Pods;
			sourceTree = "<group>";
		};
		DD23B56ABB6B12F753F6ACA9 /* Frameworks */ = {
			isa = PBXGroup;
			children = (
				1B46852027E6AF3000A6F444 /* RealmSwift.framework */,
				1B46851A27E6AF2B00A6F444 /* Realm.framework */,
				1B46851727E6AF2200A6F444 /* RealmSwift.framework */,
				1B46851427E6AF1400A6F444 /* Realm.framework */,
				1B4684EF27E6AD6F00A6F444 /* Realm.framework */,
				1B4684EC27E6AD6500A6F444 /* Realm.framework */,
				1B4684E927E6AD5100A6F444 /* Realm.framework */,
				ABFB1A4159F75F1FFAEE57E4 /* Pods_ProGitHub.framework */,
				E8F895E8B1B024D404AEC554 /* Pods_ProGitHub_Data.framework */,
				B5417E9D51A7F511E2A01F0D /* Pods_ProGitHub_Infra.framework */,
				56B9AEC368C950F447EC807B /* Pods_ProGitHub_ProGitHubUITests.framework */,
				51AA93D1BEC5D7E879DF1ED7 /* Pods_ProGitHubTests.framework */,
			);
			name = Frameworks;
			sourceTree = "<group>";
		};
/* End PBXGroup section */

/* Begin PBXHeadersBuildPhase section */
		1BB3DB6C27E12E6400F538D2 /* Headers */ = {
			isa = PBXHeadersBuildPhase;
			buildActionMask = 2147483647;
			files = (
			);
			runOnlyForDeploymentPostprocessing = 0;
		};
		1BB3DBA127E131F000F538D2 /* Headers */ = {
			isa = PBXHeadersBuildPhase;
			buildActionMask = 2147483647;
			files = (
			);
			runOnlyForDeploymentPostprocessing = 0;
		};
/* End PBXHeadersBuildPhase section */

/* Begin PBXNativeTarget section */
		1B884B2227E119ED003D981D /* ProGitHub */ = {
			isa = PBXNativeTarget;
			buildConfigurationList = 1B884B4D27E119F9003D981D /* Build configuration list for PBXNativeTarget "ProGitHub" */;
			buildPhases = (
				9BEB74411057A24EDE198131 /* [CP] Check Pods Manifest.lock */,
				1B884B1F27E119ED003D981D /* Sources */,
				1B884B2027E119ED003D981D /* Frameworks */,
				1B884B2127E119ED003D981D /* Resources */,
				1B49647C27E260FA007C1DB5 /* Embed Frameworks */,
				AA14A4B9D7FF3B038C770566 /* [CP] Embed Pods Frameworks */,
			);
			buildRules = (
			);
			dependencies = (
				1B49647B27E260FA007C1DB5 /* PBXTargetDependency */,
			);
			name = ProGitHub;
			productName = ProGitHub;
			productReference = 1B884B2327E119ED003D981D /* ProGitHub.app */;
			productType = "com.apple.product-type.application";
		};
		1B884B3827E119F9003D981D /* ProGitHubTests */ = {
			isa = PBXNativeTarget;
			buildConfigurationList = 1B884B5027E119F9003D981D /* Build configuration list for PBXNativeTarget "ProGitHubTests" */;
			buildPhases = (
				9C0EE524CAB34FB96D522156 /* [CP] Check Pods Manifest.lock */,
				1B884B3527E119F9003D981D /* Sources */,
				1B884B3627E119F9003D981D /* Frameworks */,
				1B884B3727E119F9003D981D /* Resources */,
			);
			buildRules = (
			);
			dependencies = (
				1B884B3B27E119F9003D981D /* PBXTargetDependency */,
			);
			name = ProGitHubTests;
			productName = ProGitHubTests;
			productReference = 1B884B3927E119F9003D981D /* ProGitHubTests.xctest */;
			productType = "com.apple.product-type.bundle.unit-test";
		};
		1B884B4327E119F9003D981D /* ProGitHubUITests */ = {
			isa = PBXNativeTarget;
			buildConfigurationList = 1B884B5327E119F9003D981D /* Build configuration list for PBXNativeTarget "ProGitHubUITests" */;
			buildPhases = (
				53AF7C877385346B9243364A /* [CP] Check Pods Manifest.lock */,
				1B884B4027E119F9003D981D /* Sources */,
				1B884B4127E119F9003D981D /* Frameworks */,
				1B884B4227E119F9003D981D /* Resources */,
				B49441378B1282E4B1B48D82 /* [CP] Embed Pods Frameworks */,
			);
			buildRules = (
			);
			dependencies = (
				1B884B4627E119F9003D981D /* PBXTargetDependency */,
			);
			name = ProGitHubUITests;
			productName = ProGitHubUITests;
			productReference = 1B884B4427E119F9003D981D /* ProGitHubUITests.xctest */;
			productType = "com.apple.product-type.bundle.ui-testing";
		};
		1B960F6C27E9542F009C016B /* DataTests */ = {
			isa = PBXNativeTarget;
			buildConfigurationList = 1B960F7727E9542F009C016B /* Build configuration list for PBXNativeTarget "DataTests" */;
			buildPhases = (
				1B960F6927E9542F009C016B /* Sources */,
				1B960F6A27E9542F009C016B /* Frameworks */,
				1B960F6B27E9542F009C016B /* Resources */,
			);
			buildRules = (
			);
			dependencies = (
				1B960F7427E9542F009C016B /* PBXTargetDependency */,
			);
			name = DataTests;
			productName = DataTests;
			productReference = 1B960F6D27E9542F009C016B /* DataTests.xctest */;
			productType = "com.apple.product-type.bundle.unit-test";
		};
		1BB3DB7027E12E6400F538D2 /* Infra */ = {
			isa = PBXNativeTarget;
			buildConfigurationList = 1BB3DB8227E12E6500F538D2 /* Build configuration list for PBXNativeTarget "Infra" */;
			buildPhases = (
				4993A2D9367263845D4DDAF7 /* [CP] Check Pods Manifest.lock */,
				1BB3DB6C27E12E6400F538D2 /* Headers */,
				1BB3DB6D27E12E6400F538D2 /* Sources */,
				1BB3DB6E27E12E6400F538D2 /* Frameworks */,
				1BB3DB6F27E12E6400F538D2 /* Resources */,
				1B1746D927E9592300764AC6 /* Embed Frameworks */,
			);
			buildRules = (
			);
			dependencies = (
				1B960F9327E95613009C016B /* PBXTargetDependency */,
			);
			name = Infra;
			productName = Infra;
			productReference = 1BB3DB7127E12E6400F538D2 /* Infra.framework */;
			productType = "com.apple.product-type.framework";
		};
		1BB3DB7827E12E6500F538D2 /* InfraTests */ = {
			isa = PBXNativeTarget;
			buildConfigurationList = 1BB3DB8527E12E6500F538D2 /* Build configuration list for PBXNativeTarget "InfraTests" */;
			buildPhases = (
				1BB3DB7527E12E6500F538D2 /* Sources */,
				1BB3DB7627E12E6500F538D2 /* Frameworks */,
				1BB3DB7727E12E6500F538D2 /* Resources */,
			);
			buildRules = (
			);
			dependencies = (
				1BB3DB7C27E12E6500F538D2 /* PBXTargetDependency */,
			);
			name = InfraTests;
			productName = InfraTests;
			productReference = 1BB3DB7927E12E6500F538D2 /* InfraTests.xctest */;
			productType = "com.apple.product-type.bundle.unit-test";
		};
		1BB3DBA527E131F000F538D2 /* Data */ = {
			isa = PBXNativeTarget;
			buildConfigurationList = 1BB3DBAD27E131F000F538D2 /* Build configuration list for PBXNativeTarget "Data" */;
			buildPhases = (
				1706AD03B319CBFDD801B6F2 /* [CP] Check Pods Manifest.lock */,
				1BB3DBA127E131F000F538D2 /* Headers */,
				1BB3DBA227E131F000F538D2 /* Sources */,
				1BB3DBA327E131F000F538D2 /* Frameworks */,
				1BB3DBA427E131F000F538D2 /* Resources */,
				1B4684F227E6AD6F00A6F444 /* Embed Frameworks */,
			);
			buildRules = (
			);
			dependencies = (
			);
			name = Data;
			productName = Data;
			productReference = 1BB3DBA627E131F000F538D2 /* Data.framework */;
			productType = "com.apple.product-type.framework";
		};
/* End PBXNativeTarget section */

/* Begin PBXProject section */
		1B884B1B27E119ED003D981D /* Project object */ = {
			isa = PBXProject;
			attributes = {
				LastSwiftUpdateCheck = 1240;
				LastUpgradeCheck = 1240;
				TargetAttributes = {
					1B884B2227E119ED003D981D = {
						CreatedOnToolsVersion = 12.4;
					};
					1B884B3827E119F9003D981D = {
						CreatedOnToolsVersion = 12.4;
						TestTargetID = 1B884B2227E119ED003D981D;
					};
					1B884B4327E119F9003D981D = {
						CreatedOnToolsVersion = 12.4;
						TestTargetID = 1B884B2227E119ED003D981D;
					};
					1B960F6C27E9542F009C016B = {
						CreatedOnToolsVersion = 12.4;
					};
					1BB3DB7027E12E6400F538D2 = {
						CreatedOnToolsVersion = 12.4;
						LastSwiftMigration = 1240;
					};
					1BB3DB7827E12E6500F538D2 = {
						CreatedOnToolsVersion = 12.4;
						LastSwiftMigration = 1240;
					};
					1BB3DBA527E131F000F538D2 = {
						CreatedOnToolsVersion = 12.4;
						LastSwiftMigration = 1240;
					};
				};
			};
			buildConfigurationList = 1B884B1E27E119ED003D981D /* Build configuration list for PBXProject "ProGitHub" */;
			compatibilityVersion = "Xcode 9.3";
			developmentRegion = en;
			hasScannedForEncodings = 0;
			knownRegions = (
				en,
				Base,
			);
			mainGroup = 1B884B1A27E119ED003D981D;
			productRefGroup = 1B884B2427E119ED003D981D /* Products */;
			projectDirPath = "";
			projectRoot = "";
			targets = (
				1B884B2227E119ED003D981D /* ProGitHub */,
				1B884B3827E119F9003D981D /* ProGitHubTests */,
				1B884B4327E119F9003D981D /* ProGitHubUITests */,
				1BB3DB7027E12E6400F538D2 /* Infra */,
				1BB3DB7827E12E6500F538D2 /* InfraTests */,
				1BB3DBA527E131F000F538D2 /* Data */,
				1B960F6C27E9542F009C016B /* DataTests */,
			);
		};
/* End PBXProject section */

/* Begin PBXResourcesBuildPhase section */
		1B884B2127E119ED003D981D /* Resources */ = {
			isa = PBXResourcesBuildPhase;
			buildActionMask = 2147483647;
			files = (
				1B46859827E6CEF000A6F444 /* Fredoka-SemiBold.ttf in Resources */,
				1B46858C27E6CEE600A6F444 /* Fredoka-Light.ttf in Resources */,
				1B884B3327E119F9003D981D /* LaunchScreen.storyboard in Resources */,
				1B884B3027E119F9003D981D /* Assets.xcassets in Resources */,
				1B46858827E6CEDF00A6F444 /* Fredoka-Bold.ttf in Resources */,
				1B46859027E6CEE900A6F444 /* Fredoka-Medium.ttf in Resources */,
				1B46856E27E6C7E400A6F444 /* git_loading.json in Resources */,
				1B46859427E6CEEB00A6F444 /* Fredoka-Regular.ttf in Resources */,
			);
			runOnlyForDeploymentPostprocessing = 0;
		};
		1B884B3727E119F9003D981D /* Resources */ = {
			isa = PBXResourcesBuildPhase;
			buildActionMask = 2147483647;
			files = (
			);
			runOnlyForDeploymentPostprocessing = 0;
		};
		1B884B4227E119F9003D981D /* Resources */ = {
			isa = PBXResourcesBuildPhase;
			buildActionMask = 2147483647;
			files = (
			);
			runOnlyForDeploymentPostprocessing = 0;
		};
		1B960F6B27E9542F009C016B /* Resources */ = {
			isa = PBXResourcesBuildPhase;
			buildActionMask = 2147483647;
			files = (
			);
			runOnlyForDeploymentPostprocessing = 0;
		};
		1BB3DB6F27E12E6400F538D2 /* Resources */ = {
			isa = PBXResourcesBuildPhase;
			buildActionMask = 2147483647;
			files = (
			);
			runOnlyForDeploymentPostprocessing = 0;
		};
		1BB3DB7727E12E6500F538D2 /* Resources */ = {
			isa = PBXResourcesBuildPhase;
			buildActionMask = 2147483647;
			files = (
			);
			runOnlyForDeploymentPostprocessing = 0;
		};
		1BB3DBA427E131F000F538D2 /* Resources */ = {
			isa = PBXResourcesBuildPhase;
			buildActionMask = 2147483647;
			files = (
			);
			runOnlyForDeploymentPostprocessing = 0;
		};
/* End PBXResourcesBuildPhase section */

/* Begin PBXShellScriptBuildPhase section */
		1706AD03B319CBFDD801B6F2 /* [CP] Check Pods Manifest.lock */ = {
			isa = PBXShellScriptBuildPhase;
			buildActionMask = 2147483647;
			files = (
			);
			inputFileListPaths = (
			);
			inputPaths = (
				"${PODS_PODFILE_DIR_PATH}/Podfile.lock",
				"${PODS_ROOT}/Manifest.lock",
			);
			name = "[CP] Check Pods Manifest.lock";
			outputFileListPaths = (
			);
			outputPaths = (
				"$(DERIVED_FILE_DIR)/Pods-ProGitHub-Data-checkManifestLockResult.txt",
			);
			runOnlyForDeploymentPostprocessing = 0;
			shellPath = /bin/sh;
			shellScript = "diff \"${PODS_PODFILE_DIR_PATH}/Podfile.lock\" \"${PODS_ROOT}/Manifest.lock\" > /dev/null\nif [ $? != 0 ] ; then\n    # print error to STDERR\n    echo \"error: The sandbox is not in sync with the Podfile.lock. Run 'pod install' or update your CocoaPods installation.\" >&2\n    exit 1\nfi\n# This output is used by Xcode 'outputs' to avoid re-running this script phase.\necho \"SUCCESS\" > \"${SCRIPT_OUTPUT_FILE_0}\"\n";
			showEnvVarsInLog = 0;
		};
		4993A2D9367263845D4DDAF7 /* [CP] Check Pods Manifest.lock */ = {
			isa = PBXShellScriptBuildPhase;
			buildActionMask = 2147483647;
			files = (
			);
			inputFileListPaths = (
			);
			inputPaths = (
				"${PODS_PODFILE_DIR_PATH}/Podfile.lock",
				"${PODS_ROOT}/Manifest.lock",
			);
			name = "[CP] Check Pods Manifest.lock";
			outputFileListPaths = (
			);
			outputPaths = (
				"$(DERIVED_FILE_DIR)/Pods-ProGitHub-Infra-checkManifestLockResult.txt",
			);
			runOnlyForDeploymentPostprocessing = 0;
			shellPath = /bin/sh;
			shellScript = "diff \"${PODS_PODFILE_DIR_PATH}/Podfile.lock\" \"${PODS_ROOT}/Manifest.lock\" > /dev/null\nif [ $? != 0 ] ; then\n    # print error to STDERR\n    echo \"error: The sandbox is not in sync with the Podfile.lock. Run 'pod install' or update your CocoaPods installation.\" >&2\n    exit 1\nfi\n# This output is used by Xcode 'outputs' to avoid re-running this script phase.\necho \"SUCCESS\" > \"${SCRIPT_OUTPUT_FILE_0}\"\n";
			showEnvVarsInLog = 0;
		};
		53AF7C877385346B9243364A /* [CP] Check Pods Manifest.lock */ = {
			isa = PBXShellScriptBuildPhase;
			buildActionMask = 2147483647;
			files = (
			);
			inputFileListPaths = (
			);
			inputPaths = (
				"${PODS_PODFILE_DIR_PATH}/Podfile.lock",
				"${PODS_ROOT}/Manifest.lock",
			);
			name = "[CP] Check Pods Manifest.lock";
			outputFileListPaths = (
			);
			outputPaths = (
				"$(DERIVED_FILE_DIR)/Pods-ProGitHub-ProGitHubUITests-checkManifestLockResult.txt",
			);
			runOnlyForDeploymentPostprocessing = 0;
			shellPath = /bin/sh;
			shellScript = "diff \"${PODS_PODFILE_DIR_PATH}/Podfile.lock\" \"${PODS_ROOT}/Manifest.lock\" > /dev/null\nif [ $? != 0 ] ; then\n    # print error to STDERR\n    echo \"error: The sandbox is not in sync with the Podfile.lock. Run 'pod install' or update your CocoaPods installation.\" >&2\n    exit 1\nfi\n# This output is used by Xcode 'outputs' to avoid re-running this script phase.\necho \"SUCCESS\" > \"${SCRIPT_OUTPUT_FILE_0}\"\n";
			showEnvVarsInLog = 0;
		};
		9BEB74411057A24EDE198131 /* [CP] Check Pods Manifest.lock */ = {
			isa = PBXShellScriptBuildPhase;
			buildActionMask = 2147483647;
			files = (
			);
			inputFileListPaths = (
			);
			inputPaths = (
				"${PODS_PODFILE_DIR_PATH}/Podfile.lock",
				"${PODS_ROOT}/Manifest.lock",
			);
			name = "[CP] Check Pods Manifest.lock";
			outputFileListPaths = (
			);
			outputPaths = (
				"$(DERIVED_FILE_DIR)/Pods-ProGitHub-checkManifestLockResult.txt",
			);
			runOnlyForDeploymentPostprocessing = 0;
			shellPath = /bin/sh;
			shellScript = "diff \"${PODS_PODFILE_DIR_PATH}/Podfile.lock\" \"${PODS_ROOT}/Manifest.lock\" > /dev/null\nif [ $? != 0 ] ; then\n    # print error to STDERR\n    echo \"error: The sandbox is not in sync with the Podfile.lock. Run 'pod install' or update your CocoaPods installation.\" >&2\n    exit 1\nfi\n# This output is used by Xcode 'outputs' to avoid re-running this script phase.\necho \"SUCCESS\" > \"${SCRIPT_OUTPUT_FILE_0}\"\n";
			showEnvVarsInLog = 0;
		};
		9C0EE524CAB34FB96D522156 /* [CP] Check Pods Manifest.lock */ = {
			isa = PBXShellScriptBuildPhase;
			buildActionMask = 2147483647;
			files = (
			);
			inputFileListPaths = (
			);
			inputPaths = (
				"${PODS_PODFILE_DIR_PATH}/Podfile.lock",
				"${PODS_ROOT}/Manifest.lock",
			);
			name = "[CP] Check Pods Manifest.lock";
			outputFileListPaths = (
			);
			outputPaths = (
				"$(DERIVED_FILE_DIR)/Pods-ProGitHubTests-checkManifestLockResult.txt",
			);
			runOnlyForDeploymentPostprocessing = 0;
			shellPath = /bin/sh;
			shellScript = "diff \"${PODS_PODFILE_DIR_PATH}/Podfile.lock\" \"${PODS_ROOT}/Manifest.lock\" > /dev/null\nif [ $? != 0 ] ; then\n    # print error to STDERR\n    echo \"error: The sandbox is not in sync with the Podfile.lock. Run 'pod install' or update your CocoaPods installation.\" >&2\n    exit 1\nfi\n# This output is used by Xcode 'outputs' to avoid re-running this script phase.\necho \"SUCCESS\" > \"${SCRIPT_OUTPUT_FILE_0}\"\n";
			showEnvVarsInLog = 0;
		};
		AA14A4B9D7FF3B038C770566 /* [CP] Embed Pods Frameworks */ = {
			isa = PBXShellScriptBuildPhase;
			buildActionMask = 2147483647;
			files = (
			);
			inputFileListPaths = (
				"${PODS_ROOT}/Target Support Files/Pods-ProGitHub/Pods-ProGitHub-frameworks-${CONFIGURATION}-input-files.xcfilelist",
			);
			name = "[CP] Embed Pods Frameworks";
			outputFileListPaths = (
				"${PODS_ROOT}/Target Support Files/Pods-ProGitHub/Pods-ProGitHub-frameworks-${CONFIGURATION}-output-files.xcfilelist",
			);
			runOnlyForDeploymentPostprocessing = 0;
			shellPath = /bin/sh;
			shellScript = "\"${PODS_ROOT}/Target Support Files/Pods-ProGitHub/Pods-ProGitHub-frameworks.sh\"\n";
			showEnvVarsInLog = 0;
		};
		B49441378B1282E4B1B48D82 /* [CP] Embed Pods Frameworks */ = {
			isa = PBXShellScriptBuildPhase;
			buildActionMask = 2147483647;
			files = (
			);
			inputFileListPaths = (
				"${PODS_ROOT}/Target Support Files/Pods-ProGitHub-ProGitHubUITests/Pods-ProGitHub-ProGitHubUITests-frameworks-${CONFIGURATION}-input-files.xcfilelist",
			);
			name = "[CP] Embed Pods Frameworks";
			outputFileListPaths = (
				"${PODS_ROOT}/Target Support Files/Pods-ProGitHub-ProGitHubUITests/Pods-ProGitHub-ProGitHubUITests-frameworks-${CONFIGURATION}-output-files.xcfilelist",
			);
			runOnlyForDeploymentPostprocessing = 0;
			shellPath = /bin/sh;
			shellScript = "\"${PODS_ROOT}/Target Support Files/Pods-ProGitHub-ProGitHubUITests/Pods-ProGitHub-ProGitHubUITests-frameworks.sh\"\n";
			showEnvVarsInLog = 0;
		};
/* End PBXShellScriptBuildPhase section */

/* Begin PBXSourcesBuildPhase section */
		1B884B1F27E119ED003D981D /* Sources */ = {
			isa = PBXSourcesBuildPhase;
			buildActionMask = 2147483647;
			files = (
				1B46857927E6C98700A6F444 /* BaseViewController.swift in Sources */,
				1B960EEE27E91A7E009C016B /* MenuTableViewDataSource.swift in Sources */,
				1BBD5F6D27E60C7000759FBA /* ProfileView.swift in Sources */,
				1B99E90B27E76A0F00C03E38 /* PullRequestTableViewCell.swift in Sources */,
				1BBD5F6327E604D400759FBA /* UIFont+Extension.swift in Sources */,
				1B99E90627E75B7200C03E38 /* PullRequestsViewController.swift in Sources */,
				1BBD5F4127E5FAAA00759FBA /* RepositoriesViewController.swift in Sources */,
				1BBA025A27E6556D0001CF86 /* BottomRepositoriesView.swift in Sources */,
				1B46857327E6C7FE00A6F444 /* LoadingView.swift in Sources */,
				1BBD5F5827E601A400759FBA /* TitleAndSubtitleView.swift in Sources */,
				1B884B2727E119ED003D981D /* AppDelegate.swift in Sources */,
				1B99E8FD27E75AA600C03E38 /* RepositoriesViewModel.swift in Sources */,
				1B960EAB27E8A703009C016B /* MenuTableViewCell.swift in Sources */,
				1B960F0227E935B9009C016B /* TableViewDelegate.swift in Sources */,
				1B960E9E27E89D0B009C016B /* MenuViewController.swift in Sources */,
				1BBD5F5127E5FFCD00759FBA /* RepositoryTableViewCell.swift in Sources */,
				1B960EFB27E92392009C016B /* RepositoriesTableViewDataSource.swift in Sources */,
				1B960EDE27E8F16B009C016B /* MenuViewModel.swift in Sources */,
				1B884B2927E119ED003D981D /* SceneDelegate.swift in Sources */,
				1B99E91027E76B1900C03E38 /* CardView.swift in Sources */,
				1B960EC427E8E9FC009C016B /* CustomFonts.swift in Sources */,
				1B960EE927E8FF93009C016B /* PullRequestsViewModel.swift in Sources */,
				1BBA026027E669FE0001CF86 /* IconPlusLabelView.swift in Sources */,
				1B960EBB27E8E5B8009C016B /* UIColor+Extension.swift in Sources */,
				1B960F0727E935C9009C016B /* NavigationTableViewDelegate.swift in Sources */,
				1B960EF627E91E77009C016B /* PullRequestsTableViewDataSource.swift in Sources */,
			);
			runOnlyForDeploymentPostprocessing = 0;
		};
		1B884B3527E119F9003D981D /* Sources */ = {
			isa = PBXSourcesBuildPhase;
			buildActionMask = 2147483647;
			files = (
				1B884B3E27E119F9003D981D /* ProGitHubTests.swift in Sources */,
			);
			runOnlyForDeploymentPostprocessing = 0;
		};
		1B884B4027E119F9003D981D /* Sources */ = {
			isa = PBXSourcesBuildPhase;
			buildActionMask = 2147483647;
			files = (
				1B884B4927E119F9003D981D /* ProGitHubUITests.swift in Sources */,
			);
			runOnlyForDeploymentPostprocessing = 0;
		};
		1B960F6927E9542F009C016B /* Sources */ = {
			isa = PBXSourcesBuildPhase;
			buildActionMask = 2147483647;
			files = (
				1B960F7027E9542F009C016B /* DataTests.swift in Sources */,
			);
			runOnlyForDeploymentPostprocessing = 0;
		};
		1BB3DB6D27E12E6400F538D2 /* Sources */ = {
			isa = PBXSourcesBuildPhase;
			buildActionMask = 2147483647;
			files = (
				1B67E63427E2454A00DA0208 /* ApiService.swift in Sources */,
			);
			runOnlyForDeploymentPostprocessing = 0;
		};
		1BB3DB7527E12E6500F538D2 /* Sources */ = {
			isa = PBXSourcesBuildPhase;
			buildActionMask = 2147483647;
			files = (
				1B7ACCAF27E4C27300C7C78E /* TestFactories.swift in Sources */,
				1B67E64927E2458F00DA0208 /* InfraTests.swift in Sources */,
			);
			runOnlyForDeploymentPostprocessing = 0;
		};
		1BB3DBA227E131F000F538D2 /* Sources */ = {
			isa = PBXSourcesBuildPhase;
			buildActionMask = 2147483647;
			files = (
				1B7ACCEF27E5237500C7C78E /* GithubPullRequestParser.swift in Sources */,
				1BBD5F7727E6196F00759FBA /* TextProperties.swift in Sources */,
				1BFB5FCF27E693B200416A9E /* CachedImageManager.swift in Sources */,
				1B7ACCD927E50AA800C7C78E /* HttpError.swift in Sources */,
				1BBA027F27E68F490001CF86 /* CachedImage.swift in Sources */,
				1B7ACCE927E51FA400C7C78E /* GithubPullRequest.swift in Sources */,
				1B7ACCAA27E4C22500C7C78E /* TestFactories.swift in Sources */,
				1BB3DBB627E1328B00F538D2 /* GithubRepository.swift in Sources */,
				1BBD5F7C27E61A1400759FBA /* UIFont+Extension.swift in Sources */,
				1B960ED827E8EAFE009C016B /* CustomFonts.swift in Sources */,
				1B7ACCE327E50B0A00C7C78E /* RepositoriesResult.swift in Sources */,
				1B49645027E24D22007C1DB5 /* GithubRepositoryParser.swift in Sources */,
			);
			runOnlyForDeploymentPostprocessing = 0;
		};
/* End PBXSourcesBuildPhase section */

/* Begin PBXTargetDependency section */
		1B49647B27E260FA007C1DB5 /* PBXTargetDependency */ = {
			isa = PBXTargetDependency;
			target = 1BB3DB7027E12E6400F538D2 /* Infra */;
			targetProxy = 1B49647A27E260FA007C1DB5 /* PBXContainerItemProxy */;
		};
		1B884B3B27E119F9003D981D /* PBXTargetDependency */ = {
			isa = PBXTargetDependency;
			target = 1B884B2227E119ED003D981D /* ProGitHub */;
			targetProxy = 1B884B3A27E119F9003D981D /* PBXContainerItemProxy */;
		};
		1B884B4627E119F9003D981D /* PBXTargetDependency */ = {
			isa = PBXTargetDependency;
			target = 1B884B2227E119ED003D981D /* ProGitHub */;
			targetProxy = 1B884B4527E119F9003D981D /* PBXContainerItemProxy */;
		};
		1B960F7427E9542F009C016B /* PBXTargetDependency */ = {
			isa = PBXTargetDependency;
			target = 1BB3DBA527E131F000F538D2 /* Data */;
			targetProxy = 1B960F7327E9542F009C016B /* PBXContainerItemProxy */;
		};
		1B960F9327E95613009C016B /* PBXTargetDependency */ = {
			isa = PBXTargetDependency;
			platformFilter = ios;
			target = 1BB3DBA527E131F000F538D2 /* Data */;
			targetProxy = 1B960F9227E95613009C016B /* PBXContainerItemProxy */;
		};
		1BB3DB7C27E12E6500F538D2 /* PBXTargetDependency */ = {
			isa = PBXTargetDependency;
			target = 1BB3DB7027E12E6400F538D2 /* Infra */;
			targetProxy = 1BB3DB7B27E12E6500F538D2 /* PBXContainerItemProxy */;
		};
/* End PBXTargetDependency section */

/* Begin PBXVariantGroup section */
		1B884B3127E119F9003D981D /* LaunchScreen.storyboard */ = {
			isa = PBXVariantGroup;
			children = (
				1B884B3227E119F9003D981D /* Base */,
			);
			name = LaunchScreen.storyboard;
			sourceTree = "<group>";
		};
/* End PBXVariantGroup section */

/* Begin XCBuildConfiguration section */
		1B884B4B27E119F9003D981D /* Debug */ = {
			isa = XCBuildConfiguration;
			buildSettings = {
				ALWAYS_SEARCH_USER_PATHS = NO;
				CLANG_ANALYZER_NONNULL = YES;
				CLANG_ANALYZER_NUMBER_OBJECT_CONVERSION = YES_AGGRESSIVE;
				CLANG_CXX_LANGUAGE_STANDARD = "gnu++14";
				CLANG_CXX_LIBRARY = "libc++";
				CLANG_ENABLE_MODULES = YES;
				CLANG_ENABLE_OBJC_ARC = YES;
				CLANG_ENABLE_OBJC_WEAK = YES;
				CLANG_WARN_BLOCK_CAPTURE_AUTORELEASING = YES;
				CLANG_WARN_BOOL_CONVERSION = YES;
				CLANG_WARN_COMMA = YES;
				CLANG_WARN_CONSTANT_CONVERSION = YES;
				CLANG_WARN_DEPRECATED_OBJC_IMPLEMENTATIONS = YES;
				CLANG_WARN_DIRECT_OBJC_ISA_USAGE = YES_ERROR;
				CLANG_WARN_DOCUMENTATION_COMMENTS = YES;
				CLANG_WARN_EMPTY_BODY = YES;
				CLANG_WARN_ENUM_CONVERSION = YES;
				CLANG_WARN_INFINITE_RECURSION = YES;
				CLANG_WARN_INT_CONVERSION = YES;
				CLANG_WARN_NON_LITERAL_NULL_CONVERSION = YES;
				CLANG_WARN_OBJC_IMPLICIT_RETAIN_SELF = YES;
				CLANG_WARN_OBJC_LITERAL_CONVERSION = YES;
				CLANG_WARN_OBJC_ROOT_CLASS = YES_ERROR;
				CLANG_WARN_QUOTED_INCLUDE_IN_FRAMEWORK_HEADER = YES;
				CLANG_WARN_RANGE_LOOP_ANALYSIS = YES;
				CLANG_WARN_STRICT_PROTOTYPES = YES;
				CLANG_WARN_SUSPICIOUS_MOVE = YES;
				CLANG_WARN_UNGUARDED_AVAILABILITY = YES_AGGRESSIVE;
				CLANG_WARN_UNREACHABLE_CODE = YES;
				CLANG_WARN__DUPLICATE_METHOD_MATCH = YES;
				COPY_PHASE_STRIP = NO;
				DEBUG_INFORMATION_FORMAT = dwarf;
				ENABLE_STRICT_OBJC_MSGSEND = YES;
				ENABLE_TESTABILITY = YES;
				GCC_C_LANGUAGE_STANDARD = gnu11;
				GCC_DYNAMIC_NO_PIC = NO;
				GCC_NO_COMMON_BLOCKS = YES;
				GCC_OPTIMIZATION_LEVEL = 0;
				GCC_PREPROCESSOR_DEFINITIONS = (
					"DEBUG=1",
					"$(inherited)",
				);
				GCC_WARN_64_TO_32_BIT_CONVERSION = YES;
				GCC_WARN_ABOUT_RETURN_TYPE = YES_ERROR;
				GCC_WARN_UNDECLARED_SELECTOR = YES;
				GCC_WARN_UNINITIALIZED_AUTOS = YES_AGGRESSIVE;
				GCC_WARN_UNUSED_FUNCTION = YES;
				GCC_WARN_UNUSED_VARIABLE = YES;
				IPHONEOS_DEPLOYMENT_TARGET = 14.4;
				MTL_ENABLE_DEBUG_INFO = INCLUDE_SOURCE;
				MTL_FAST_MATH = YES;
				ONLY_ACTIVE_ARCH = YES;
				SDKROOT = iphoneos;
				SWIFT_ACTIVE_COMPILATION_CONDITIONS = DEBUG;
				SWIFT_OPTIMIZATION_LEVEL = "-Onone";
			};
			name = Debug;
		};
		1B884B4C27E119F9003D981D /* Release */ = {
			isa = XCBuildConfiguration;
			buildSettings = {
				ALWAYS_SEARCH_USER_PATHS = NO;
				CLANG_ANALYZER_NONNULL = YES;
				CLANG_ANALYZER_NUMBER_OBJECT_CONVERSION = YES_AGGRESSIVE;
				CLANG_CXX_LANGUAGE_STANDARD = "gnu++14";
				CLANG_CXX_LIBRARY = "libc++";
				CLANG_ENABLE_MODULES = YES;
				CLANG_ENABLE_OBJC_ARC = YES;
				CLANG_ENABLE_OBJC_WEAK = YES;
				CLANG_WARN_BLOCK_CAPTURE_AUTORELEASING = YES;
				CLANG_WARN_BOOL_CONVERSION = YES;
				CLANG_WARN_COMMA = YES;
				CLANG_WARN_CONSTANT_CONVERSION = YES;
				CLANG_WARN_DEPRECATED_OBJC_IMPLEMENTATIONS = YES;
				CLANG_WARN_DIRECT_OBJC_ISA_USAGE = YES_ERROR;
				CLANG_WARN_DOCUMENTATION_COMMENTS = YES;
				CLANG_WARN_EMPTY_BODY = YES;
				CLANG_WARN_ENUM_CONVERSION = YES;
				CLANG_WARN_INFINITE_RECURSION = YES;
				CLANG_WARN_INT_CONVERSION = YES;
				CLANG_WARN_NON_LITERAL_NULL_CONVERSION = YES;
				CLANG_WARN_OBJC_IMPLICIT_RETAIN_SELF = YES;
				CLANG_WARN_OBJC_LITERAL_CONVERSION = YES;
				CLANG_WARN_OBJC_ROOT_CLASS = YES_ERROR;
				CLANG_WARN_QUOTED_INCLUDE_IN_FRAMEWORK_HEADER = YES;
				CLANG_WARN_RANGE_LOOP_ANALYSIS = YES;
				CLANG_WARN_STRICT_PROTOTYPES = YES;
				CLANG_WARN_SUSPICIOUS_MOVE = YES;
				CLANG_WARN_UNGUARDED_AVAILABILITY = YES_AGGRESSIVE;
				CLANG_WARN_UNREACHABLE_CODE = YES;
				CLANG_WARN__DUPLICATE_METHOD_MATCH = YES;
				COPY_PHASE_STRIP = NO;
				DEBUG_INFORMATION_FORMAT = "dwarf-with-dsym";
				ENABLE_NS_ASSERTIONS = NO;
				ENABLE_STRICT_OBJC_MSGSEND = YES;
				GCC_C_LANGUAGE_STANDARD = gnu11;
				GCC_NO_COMMON_BLOCKS = YES;
				GCC_WARN_64_TO_32_BIT_CONVERSION = YES;
				GCC_WARN_ABOUT_RETURN_TYPE = YES_ERROR;
				GCC_WARN_UNDECLARED_SELECTOR = YES;
				GCC_WARN_UNINITIALIZED_AUTOS = YES_AGGRESSIVE;
				GCC_WARN_UNUSED_FUNCTION = YES;
				GCC_WARN_UNUSED_VARIABLE = YES;
				IPHONEOS_DEPLOYMENT_TARGET = 14.4;
				MTL_ENABLE_DEBUG_INFO = NO;
				MTL_FAST_MATH = YES;
				SDKROOT = iphoneos;
				SWIFT_COMPILATION_MODE = wholemodule;
				SWIFT_OPTIMIZATION_LEVEL = "-O";
				VALIDATE_PRODUCT = YES;
			};
			name = Release;
		};
		1B884B4E27E119F9003D981D /* Debug */ = {
			isa = XCBuildConfiguration;
			baseConfigurationReference = F6F68409B4795D6E30F3FC41 /* Pods-ProGitHub.debug.xcconfig */;
			buildSettings = {
				ASSETCATALOG_COMPILER_APPICON_NAME = AppIcon;
				ASSETCATALOG_COMPILER_GLOBAL_ACCENT_COLOR_NAME = AccentColor;
				CODE_SIGN_STYLE = Automatic;
				DEVELOPMENT_TEAM = R75SA9L9QH;
				INFOPLIST_FILE = ProGitHub/Info.plist;
				LD_RUNPATH_SEARCH_PATHS = (
					"$(inherited)",
					"@executable_path/Frameworks",
				);
				PRODUCT_BUNDLE_IDENTIFIER = com.rafa.ProGitHub;
				PRODUCT_NAME = "$(TARGET_NAME)";
				SWIFT_VERSION = 5.0;
				TARGETED_DEVICE_FAMILY = "1,2";
			};
			name = Debug;
		};
		1B884B4F27E119F9003D981D /* Release */ = {
			isa = XCBuildConfiguration;
			baseConfigurationReference = 10EDD688C9781330ABF8C188 /* Pods-ProGitHub.release.xcconfig */;
			buildSettings = {
				ASSETCATALOG_COMPILER_APPICON_NAME = AppIcon;
				ASSETCATALOG_COMPILER_GLOBAL_ACCENT_COLOR_NAME = AccentColor;
				CODE_SIGN_STYLE = Automatic;
				DEVELOPMENT_TEAM = R75SA9L9QH;
				INFOPLIST_FILE = ProGitHub/Info.plist;
				LD_RUNPATH_SEARCH_PATHS = (
					"$(inherited)",
					"@executable_path/Frameworks",
				);
				PRODUCT_BUNDLE_IDENTIFIER = com.rafa.ProGitHub;
				PRODUCT_NAME = "$(TARGET_NAME)";
				SWIFT_VERSION = 5.0;
				TARGETED_DEVICE_FAMILY = "1,2";
			};
			name = Release;
		};
		1B884B5127E119F9003D981D /* Debug */ = {
			isa = XCBuildConfiguration;
			baseConfigurationReference = 7821076D9977CE353FEBEEC9 /* Pods-ProGitHubTests.debug.xcconfig */;
			buildSettings = {
				ALWAYS_EMBED_SWIFT_STANDARD_LIBRARIES = YES;
				BUNDLE_LOADER = "$(TEST_HOST)";
				CODE_SIGN_STYLE = Automatic;
				DEVELOPMENT_TEAM = R75SA9L9QH;
				INFOPLIST_FILE = ProGitHubTests/Info.plist;
				IPHONEOS_DEPLOYMENT_TARGET = 14.4;
				LD_RUNPATH_SEARCH_PATHS = (
					"$(inherited)",
					"@executable_path/Frameworks",
					"@loader_path/Frameworks",
				);
				PRODUCT_BUNDLE_IDENTIFIER = com.rafa.ProGitHubTests;
				PRODUCT_NAME = "$(TARGET_NAME)";
				SWIFT_VERSION = 5.0;
				TARGETED_DEVICE_FAMILY = "1,2";
				TEST_HOST = "$(BUILT_PRODUCTS_DIR)/ProGitHub.app/ProGitHub";
			};
			name = Debug;
		};
		1B884B5227E119F9003D981D /* Release */ = {
			isa = XCBuildConfiguration;
			baseConfigurationReference = 0A74DAC15C118128EEE70916 /* Pods-ProGitHubTests.release.xcconfig */;
			buildSettings = {
				ALWAYS_EMBED_SWIFT_STANDARD_LIBRARIES = YES;
				BUNDLE_LOADER = "$(TEST_HOST)";
				CODE_SIGN_STYLE = Automatic;
				DEVELOPMENT_TEAM = R75SA9L9QH;
				INFOPLIST_FILE = ProGitHubTests/Info.plist;
				IPHONEOS_DEPLOYMENT_TARGET = 14.4;
				LD_RUNPATH_SEARCH_PATHS = (
					"$(inherited)",
					"@executable_path/Frameworks",
					"@loader_path/Frameworks",
				);
				PRODUCT_BUNDLE_IDENTIFIER = com.rafa.ProGitHubTests;
				PRODUCT_NAME = "$(TARGET_NAME)";
				SWIFT_VERSION = 5.0;
				TARGETED_DEVICE_FAMILY = "1,2";
				TEST_HOST = "$(BUILT_PRODUCTS_DIR)/ProGitHub.app/ProGitHub";
			};
			name = Release;
		};
		1B884B5427E119F9003D981D /* Debug */ = {
			isa = XCBuildConfiguration;
			baseConfigurationReference = EFA0FF5C859ECCCA4DEBF9EC /* Pods-ProGitHub-ProGitHubUITests.debug.xcconfig */;
			buildSettings = {
				ALWAYS_EMBED_SWIFT_STANDARD_LIBRARIES = YES;
				CODE_SIGN_STYLE = Automatic;
				DEVELOPMENT_TEAM = R75SA9L9QH;
				INFOPLIST_FILE = ProGitHubUITests/Info.plist;
				LD_RUNPATH_SEARCH_PATHS = (
					"$(inherited)",
					"@executable_path/Frameworks",
					"@loader_path/Frameworks",
				);
				PRODUCT_BUNDLE_IDENTIFIER = com.rafa.ProGitHubUITests;
				PRODUCT_NAME = "$(TARGET_NAME)";
				SWIFT_VERSION = 5.0;
				TARGETED_DEVICE_FAMILY = "1,2";
				TEST_TARGET_NAME = ProGitHub;
			};
			name = Debug;
		};
		1B884B5527E119F9003D981D /* Release */ = {
			isa = XCBuildConfiguration;
			baseConfigurationReference = 37BE50690DC0DF7350B8CC05 /* Pods-ProGitHub-ProGitHubUITests.release.xcconfig */;
			buildSettings = {
				ALWAYS_EMBED_SWIFT_STANDARD_LIBRARIES = YES;
				CODE_SIGN_STYLE = Automatic;
				DEVELOPMENT_TEAM = R75SA9L9QH;
				INFOPLIST_FILE = ProGitHubUITests/Info.plist;
				LD_RUNPATH_SEARCH_PATHS = (
					"$(inherited)",
					"@executable_path/Frameworks",
					"@loader_path/Frameworks",
				);
				PRODUCT_BUNDLE_IDENTIFIER = com.rafa.ProGitHubUITests;
				PRODUCT_NAME = "$(TARGET_NAME)";
				SWIFT_VERSION = 5.0;
				TARGETED_DEVICE_FAMILY = "1,2";
				TEST_TARGET_NAME = ProGitHub;
			};
			name = Release;
		};
		1B960F7527E9542F009C016B /* Debug */ = {
			isa = XCBuildConfiguration;
			buildSettings = {
				CODE_SIGN_STYLE = Automatic;
				DEVELOPMENT_TEAM = R75SA9L9QH;
				INFOPLIST_FILE = DataTests/Info.plist;
				LD_RUNPATH_SEARCH_PATHS = (
					"$(inherited)",
					"@executable_path/Frameworks",
					"@loader_path/Frameworks",
				);
				PRODUCT_BUNDLE_IDENTIFIER = com.rafa.DataTests;
				PRODUCT_NAME = "$(TARGET_NAME)";
				SWIFT_VERSION = 5.0;
				TARGETED_DEVICE_FAMILY = "1,2";
			};
			name = Debug;
		};
		1B960F7627E9542F009C016B /* Release */ = {
			isa = XCBuildConfiguration;
			buildSettings = {
				CODE_SIGN_STYLE = Automatic;
				DEVELOPMENT_TEAM = R75SA9L9QH;
				INFOPLIST_FILE = DataTests/Info.plist;
				LD_RUNPATH_SEARCH_PATHS = (
					"$(inherited)",
					"@executable_path/Frameworks",
					"@loader_path/Frameworks",
				);
				PRODUCT_BUNDLE_IDENTIFIER = com.rafa.DataTests;
				PRODUCT_NAME = "$(TARGET_NAME)";
				SWIFT_VERSION = 5.0;
				TARGETED_DEVICE_FAMILY = "1,2";
			};
			name = Release;
		};
		1BB3DB8327E12E6500F538D2 /* Debug */ = {
			isa = XCBuildConfiguration;
			baseConfigurationReference = 2619D83B1C0136EFD5AEDEA0 /* Pods-ProGitHub-Infra.debug.xcconfig */;
			buildSettings = {
				CLANG_ENABLE_MODULES = YES;
				CODE_SIGN_STYLE = Automatic;
				COMBINE_HIDPI_IMAGES = YES;
				CURRENT_PROJECT_VERSION = 1;
				DEFINES_MODULE = YES;
				DEVELOPMENT_TEAM = R75SA9L9QH;
				DYLIB_COMPATIBILITY_VERSION = 1;
				DYLIB_CURRENT_VERSION = 1;
				DYLIB_INSTALL_NAME_BASE = "@rpath";
				INFOPLIST_FILE = Infra/Info.plist;
				INSTALL_PATH = "$(LOCAL_LIBRARY_DIR)/Frameworks";
				LD_RUNPATH_SEARCH_PATHS = (
					"$(inherited)",
					"@executable_path/../Frameworks",
					"@loader_path/Frameworks",
				);
				MACOSX_DEPLOYMENT_TARGET = 10.15;
				PRODUCT_BUNDLE_IDENTIFIER = com.rafa.Infra;
				PRODUCT_NAME = "$(TARGET_NAME:c99extidentifier)";
				SDKROOT = iphoneos;
				SKIP_INSTALL = YES;
				SWIFT_OPTIMIZATION_LEVEL = "-Onone";
				SWIFT_VERSION = 5.0;
				VERSIONING_SYSTEM = "apple-generic";
				VERSION_INFO_PREFIX = "";
			};
			name = Debug;
		};
		1BB3DB8427E12E6500F538D2 /* Release */ = {
			isa = XCBuildConfiguration;
			baseConfigurationReference = DCD11B5FA3C9457EF7E6D35F /* Pods-ProGitHub-Infra.release.xcconfig */;
			buildSettings = {
				CLANG_ENABLE_MODULES = YES;
				CODE_SIGN_STYLE = Automatic;
				COMBINE_HIDPI_IMAGES = YES;
				CURRENT_PROJECT_VERSION = 1;
				DEFINES_MODULE = YES;
				DEVELOPMENT_TEAM = R75SA9L9QH;
				DYLIB_COMPATIBILITY_VERSION = 1;
				DYLIB_CURRENT_VERSION = 1;
				DYLIB_INSTALL_NAME_BASE = "@rpath";
				INFOPLIST_FILE = Infra/Info.plist;
				INSTALL_PATH = "$(LOCAL_LIBRARY_DIR)/Frameworks";
				LD_RUNPATH_SEARCH_PATHS = (
					"$(inherited)",
					"@executable_path/../Frameworks",
					"@loader_path/Frameworks",
				);
				MACOSX_DEPLOYMENT_TARGET = 10.15;
				PRODUCT_BUNDLE_IDENTIFIER = com.rafa.Infra;
				PRODUCT_NAME = "$(TARGET_NAME:c99extidentifier)";
				SDKROOT = iphoneos;
				SKIP_INSTALL = YES;
				SWIFT_VERSION = 5.0;
				VERSIONING_SYSTEM = "apple-generic";
				VERSION_INFO_PREFIX = "";
			};
			name = Release;
		};
		1BB3DB8627E12E6500F538D2 /* Debug */ = {
			isa = XCBuildConfiguration;
			buildSettings = {
				ALWAYS_EMBED_SWIFT_STANDARD_LIBRARIES = YES;
				CLANG_ENABLE_MODULES = YES;
				CODE_SIGN_STYLE = Automatic;
				COMBINE_HIDPI_IMAGES = YES;
				DEVELOPMENT_TEAM = R75SA9L9QH;
				INFOPLIST_FILE = InfraTests/Info.plist;
				LD_RUNPATH_SEARCH_PATHS = (
					"$(inherited)",
					"@executable_path/../Frameworks",
					"@loader_path/../Frameworks",
				);
				MACOSX_DEPLOYMENT_TARGET = 10.15;
				PRODUCT_BUNDLE_IDENTIFIER = com.rafa.InfraTests;
				PRODUCT_NAME = "$(TARGET_NAME)";
				SDKROOT = iphoneos;
				SWIFT_OPTIMIZATION_LEVEL = "-Onone";
				SWIFT_VERSION = 5.0;
			};
			name = Debug;
		};
		1BB3DB8727E12E6500F538D2 /* Release */ = {
			isa = XCBuildConfiguration;
			buildSettings = {
				ALWAYS_EMBED_SWIFT_STANDARD_LIBRARIES = YES;
				CLANG_ENABLE_MODULES = YES;
				CODE_SIGN_STYLE = Automatic;
				COMBINE_HIDPI_IMAGES = YES;
				DEVELOPMENT_TEAM = R75SA9L9QH;
				INFOPLIST_FILE = InfraTests/Info.plist;
				LD_RUNPATH_SEARCH_PATHS = (
					"$(inherited)",
					"@executable_path/../Frameworks",
					"@loader_path/../Frameworks",
				);
				MACOSX_DEPLOYMENT_TARGET = 10.15;
				PRODUCT_BUNDLE_IDENTIFIER = com.rafa.InfraTests;
				PRODUCT_NAME = "$(TARGET_NAME)";
				SDKROOT = iphoneos;
				SWIFT_VERSION = 5.0;
			};
			name = Release;
		};
		1BB3DBAB27E131F000F538D2 /* Debug */ = {
			isa = XCBuildConfiguration;
			baseConfigurationReference = 777049694ABFB47A5600B4AD /* Pods-ProGitHub-Data.debug.xcconfig */;
			buildSettings = {
				CLANG_ENABLE_MODULES = YES;
				CODE_SIGN_STYLE = Manual;
				COMBINE_HIDPI_IMAGES = YES;
				CURRENT_PROJECT_VERSION = 1;
				DEFINES_MODULE = YES;
				DEVELOPMENT_TEAM = "";
				DYLIB_COMPATIBILITY_VERSION = 1;
				DYLIB_CURRENT_VERSION = 1;
				DYLIB_INSTALL_NAME_BASE = "@rpath";
				INFOPLIST_FILE = Data/Info.plist;
				INSTALL_PATH = "$(LOCAL_LIBRARY_DIR)/Frameworks";
				LD_RUNPATH_SEARCH_PATHS = (
					"$(inherited)",
					"@executable_path/../Frameworks",
					"@loader_path/Frameworks",
				);
				MACOSX_DEPLOYMENT_TARGET = 10.15;
				PRODUCT_BUNDLE_IDENTIFIER = com.rafa.Data;
				PRODUCT_NAME = "$(TARGET_NAME:c99extidentifier)";
				PROVISIONING_PROFILE_SPECIFIER = "";
				SDKROOT = iphoneos;
				SKIP_INSTALL = YES;
				SWIFT_OPTIMIZATION_LEVEL = "-Onone";
				SWIFT_VERSION = 5.0;
				VERSIONING_SYSTEM = "apple-generic";
				VERSION_INFO_PREFIX = "";
			};
			name = Debug;
		};
		1BB3DBAC27E131F000F538D2 /* Release */ = {
			isa = XCBuildConfiguration;
			baseConfigurationReference = 45BB1D463B220F72314E433A /* Pods-ProGitHub-Data.release.xcconfig */;
			buildSettings = {
				CLANG_ENABLE_MODULES = YES;
				CODE_SIGN_STYLE = Manual;
				COMBINE_HIDPI_IMAGES = YES;
				CURRENT_PROJECT_VERSION = 1;
				DEFINES_MODULE = YES;
				DEVELOPMENT_TEAM = "";
				DYLIB_COMPATIBILITY_VERSION = 1;
				DYLIB_CURRENT_VERSION = 1;
				DYLIB_INSTALL_NAME_BASE = "@rpath";
				INFOPLIST_FILE = Data/Info.plist;
				INSTALL_PATH = "$(LOCAL_LIBRARY_DIR)/Frameworks";
				LD_RUNPATH_SEARCH_PATHS = (
					"$(inherited)",
					"@executable_path/../Frameworks",
					"@loader_path/Frameworks",
				);
				MACOSX_DEPLOYMENT_TARGET = 10.15;
				PRODUCT_BUNDLE_IDENTIFIER = com.rafa.Data;
				PRODUCT_NAME = "$(TARGET_NAME:c99extidentifier)";
				PROVISIONING_PROFILE_SPECIFIER = "";
				SDKROOT = iphoneos;
				SKIP_INSTALL = YES;
				SWIFT_VERSION = 5.0;
				VERSIONING_SYSTEM = "apple-generic";
				VERSION_INFO_PREFIX = "";
			};
			name = Release;
		};
/* End XCBuildConfiguration section */

/* Begin XCConfigurationList section */
		1B884B1E27E119ED003D981D /* Build configuration list for PBXProject "ProGitHub" */ = {
			isa = XCConfigurationList;
			buildConfigurations = (
				1B884B4B27E119F9003D981D /* Debug */,
				1B884B4C27E119F9003D981D /* Release */,
			);
			defaultConfigurationIsVisible = 0;
			defaultConfigurationName = Release;
		};
		1B884B4D27E119F9003D981D /* Build configuration list for PBXNativeTarget "ProGitHub" */ = {
			isa = XCConfigurationList;
			buildConfigurations = (
				1B884B4E27E119F9003D981D /* Debug */,
				1B884B4F27E119F9003D981D /* Release */,
			);
			defaultConfigurationIsVisible = 0;
			defaultConfigurationName = Release;
		};
		1B884B5027E119F9003D981D /* Build configuration list for PBXNativeTarget "ProGitHubTests" */ = {
			isa = XCConfigurationList;
			buildConfigurations = (
				1B884B5127E119F9003D981D /* Debug */,
				1B884B5227E119F9003D981D /* Release */,
			);
			defaultConfigurationIsVisible = 0;
			defaultConfigurationName = Release;
		};
		1B884B5327E119F9003D981D /* Build configuration list for PBXNativeTarget "ProGitHubUITests" */ = {
			isa = XCConfigurationList;
			buildConfigurations = (
				1B884B5427E119F9003D981D /* Debug */,
				1B884B5527E119F9003D981D /* Release */,
			);
			defaultConfigurationIsVisible = 0;
			defaultConfigurationName = Release;
		};
		1B960F7727E9542F009C016B /* Build configuration list for PBXNativeTarget "DataTests" */ = {
			isa = XCConfigurationList;
			buildConfigurations = (
				1B960F7527E9542F009C016B /* Debug */,
				1B960F7627E9542F009C016B /* Release */,
			);
			defaultConfigurationIsVisible = 0;
			defaultConfigurationName = Release;
		};
		1BB3DB8227E12E6500F538D2 /* Build configuration list for PBXNativeTarget "Infra" */ = {
			isa = XCConfigurationList;
			buildConfigurations = (
				1BB3DB8327E12E6500F538D2 /* Debug */,
				1BB3DB8427E12E6500F538D2 /* Release */,
			);
			defaultConfigurationIsVisible = 0;
			defaultConfigurationName = Release;
		};
		1BB3DB8527E12E6500F538D2 /* Build configuration list for PBXNativeTarget "InfraTests" */ = {
			isa = XCConfigurationList;
			buildConfigurations = (
				1BB3DB8627E12E6500F538D2 /* Debug */,
				1BB3DB8727E12E6500F538D2 /* Release */,
			);
			defaultConfigurationIsVisible = 0;
			defaultConfigurationName = Release;
		};
		1BB3DBAD27E131F000F538D2 /* Build configuration list for PBXNativeTarget "Data" */ = {
			isa = XCConfigurationList;
			buildConfigurations = (
				1BB3DBAB27E131F000F538D2 /* Debug */,
				1BB3DBAC27E131F000F538D2 /* Release */,
			);
			defaultConfigurationIsVisible = 0;
			defaultConfigurationName = Release;
		};
/* End XCConfigurationList section */
	};
	rootObject = 1B884B1B27E119ED003D981D /* Project object */;
}
